// !$*UTF8*$!
{
	archiveVersion = 1;
	classes = {
	};
	objectVersion = 77;
	objects = {

/* Begin PBXBuildFile section */
		008605F986B29A2AE2C07E43 /* PiholeVersionDetector.swift in Sources */ = {isa = PBXBuildFile; fileRef = A85DCF5122A78B98F17F6FE3 /* PiholeVersionDetector.swift */; };
		12D50ACDE0686F329948296A /* PiholeServerManager.swift in Sources */ = {isa = PBXBuildFile; fileRef = 6C4843B539B754AC665F8121 /* PiholeServerManager.swift */; };
		1B6C91C0D8A374FC95FA046D /* ReachabilityMonitor.swift in Sources */ = {isa = PBXBuildFile; fileRef = B3A87483ADD4627C31DC999A /* ReachabilityMonitor.swift */; };
		1D4CE7D91F27E486ED15EF56 /* SettingsView.swift in Sources */ = {isa = PBXBuildFile; fileRef = C7872875694962D49EFAD70A /* SettingsView.swift */; };
		2F51A3D90598F542EB14F5D6 /* ConnectionCardView.swift in Sources */ = {isa = PBXBuildFile; fileRef = 967DB92892E8E62E0706D9AD /* ConnectionCardView.swift */; };
		368F178366A8078E58002D4E /* TempUnblockManagerTests.swift in Sources */ = {isa = PBXBuildFile; fileRef = 54AC406B058539963AE1B9F3 /* TempUnblockManagerTests.swift */; };
		48D31172334469C83AB28A6C /* ServerProviding.swift in Sources */ = {isa = PBXBuildFile; fileRef = 17EB9CF85B8FD552EB0D8B68 /* ServerProviding.swift */; };
		533212534D1EF6B323E75160 /* TempUnblockManager.swift in Sources */ = {isa = PBXBuildFile; fileRef = 5B40BC5651FA9B253A7C731E /* TempUnblockManager.swift */; };
		53D8EE0BBAA1C864978DC42D /* KeychainManager.swift in Sources */ = {isa = PBXBuildFile; fileRef = 4CA7117895560662C0E313BB /* KeychainManager.swift */; };
		54CA6E27055330EC260F9AFE /* Logger+Subsystem.swift in Sources */ = {isa = PBXBuildFile; fileRef = 33F04B8112E11046E5EE2499 /* Logger+Subsystem.swift */; };
		59EA2A3BC6D3F4B04933B0C1 /* PiHoleMenuAppTests.swift in Sources */ = {isa = PBXBuildFile; fileRef = 4E5B4D8CBCA55BC952EBEB06 /* PiHoleMenuAppTests.swift */; };
		690EEB1EE238C53CAFCF40CA /* TimerManager.swift in Sources */ = {isa = PBXBuildFile; fileRef = 3FE7E54DAE4D975161045659 /* TimerManager.swift */; };
		70131BF0DDEB4142E62E3876 /* BlockingStatus.swift in Sources */ = {isa = PBXBuildFile; fileRef = 42F6F5753F75BB8776C2625C /* BlockingStatus.swift */; };
		70656E406E58BEB9E7BB775B /* PiholeServiceProtocol.swift in Sources */ = {isa = PBXBuildFile; fileRef = 816DAE731EC771959A9F43B3 /* PiholeServiceProtocol.swift */; };
		73F27B1D9961CA0708FC47A4 /* PiholeV6Service.swift in Sources */ = {isa = PBXBuildFile; fileRef = 92BEA8B81FC013394DE37547 /* PiholeV6Service.swift */; };
		806331DCB143ACC9502F6BE6 /* ConnectionFormView.swift in Sources */ = {isa = PBXBuildFile; fileRef = E6E4525F96C5A7743DC12289 /* ConnectionFormView.swift */; };
		81416453F12B4B639967D0AB /* HTTPMethod.swift in Sources */ = {isa = PBXBuildFile; fileRef = B49560025B59AFC630839F91 /* HTTPMethod.swift */; };
		8422B001399861F49232DC0F /* MenuBarController.swift in Sources */ = {isa = PBXBuildFile; fileRef = 10E6A7A648A8A7D28E4C4449 /* MenuBarController.swift */; };
		8D127B6703F4C450B3D54031 /* Assets.xcassets in Resources */ = {isa = PBXBuildFile; fileRef = 9BC2794D38B601DE5001634C /* Assets.xcassets */; };
		9B7436594D0088AD6551D67D /* SettingsWindowController.swift in Sources */ = {isa = PBXBuildFile; fileRef = C6CE536A192B4286DA9BB704 /* SettingsWindowController.swift */; };
		A514D76A8EA40EA3F5D86984 /* PiholeServer.swift in Sources */ = {isa = PBXBuildFile; fileRef = 06BA66B6BE059B7E6945E602 /* PiholeServer.swift */; };
		A5FAA3B79F95F6E4C44EEDA0 /* SettingsStore.swift in Sources */ = {isa = PBXBuildFile; fileRef = DBC4C5CD09942C8F57B3BC26 /* SettingsStore.swift */; };
		AF88ADC963167B285ADAB1EE /* CertificateTrustDelegate.swift in Sources */ = {isa = PBXBuildFile; fileRef = 75DF7021721A80B4D4A9B9E9 /* CertificateTrustDelegate.swift */; };
		AFC16F44E88DCE2AD03583FA /* RecentQuery.swift in Sources */ = {isa = PBXBuildFile; fileRef = E31B916904AA499388D77A6E /* RecentQuery.swift */; };
		BE943DD20DB4B8E17C4D3299 /* MenuBuilder.swift in Sources */ = {isa = PBXBuildFile; fileRef = 7C08FC451CCCA7EF83753F22 /* MenuBuilder.swift */; };
		C86BD908489ED3001C3C7666 /* PiholeError.swift in Sources */ = {isa = PBXBuildFile; fileRef = 8D5173186B87671D8390E861 /* PiholeError.swift */; };
		CDDA9E71674DDB19074AE42C /* TempUnblockRecord.swift in Sources */ = {isa = PBXBuildFile; fileRef = 791F34ED91F343C173A2145A /* TempUnblockRecord.swift */; };
		D264C4CA3B98AC865F15D131 /* SimpleKeychain in Frameworks */ = {isa = PBXBuildFile; productRef = 6D6BFB60232B23353A9BF8E2 /* SimpleKeychain */; };
		E248D68C10E9949A0FF2D97F /* MockPiholeService.swift in Sources */ = {isa = PBXBuildFile; fileRef = 39E2AA4D00BCAEF32D6F0868 /* MockPiholeService.swift */; };
		E46D84C4932BCEB5351F3EB4 /* ServerStorage.swift in Sources */ = {isa = PBXBuildFile; fileRef = 4F55B897B9240E72EE1A59D8 /* ServerStorage.swift */; };
		E766C8ABAEA6B3F3E08895FA /* MenuContentView.swift in Sources */ = {isa = PBXBuildFile; fileRef = D38A03EFE8331CAB83610153 /* MenuContentView.swift */; };
		EDCD56C7FDBC0D9095733C9C /* AuthManager.swift in Sources */ = {isa = PBXBuildFile; fileRef = D2C265279462281B4F1948F7 /* AuthManager.swift */; };
		EFC9892D1269B09F6146FF64 /* PiholeV5Service.swift in Sources */ = {isa = PBXBuildFile; fileRef = B6622B929130B21854D077CE /* PiholeV5Service.swift */; };
		F11C911571512492955190BF /* PiHoleMenuApp.swift in Sources */ = {isa = PBXBuildFile; fileRef = 30F76AC1512A7B1EF5C60939 /* PiHoleMenuApp.swift */; };
		F19CEBCCFF279A2F9E08D081 /* ConnectionStatus.swift in Sources */ = {isa = PBXBuildFile; fileRef = C09B20D85478A090EEA8264D /* ConnectionStatus.swift */; };
		F21CCF0DF1B591D5074E31F6 /* ServerStatusMonitor.swift in Sources */ = {isa = PBXBuildFile; fileRef = 005164E39044FE38D8BF310E /* ServerStatusMonitor.swift */; };
		F96E1886C7FF8C26B6840C3D /* ConnectionListView.swift in Sources */ = {isa = PBXBuildFile; fileRef = 0D99A6ABEDA685F9A5AC561C /* ConnectionListView.swift */; };
		FF3FC37C287C27B9B79D9594 /* DomainEntry.swift in Sources */ = {isa = PBXBuildFile; fileRef = FE0C60BE53F9D97BA58CF9E0 /* DomainEntry.swift */; };
		FFBF1A9F876FFA71F5E6A7C1 /* NetworkInterface.swift in Sources */ = {isa = PBXBuildFile; fileRef = 797A206AF58C445F627883E9 /* NetworkInterface.swift */; };
/* End PBXBuildFile section */

/* Begin PBXContainerItemProxy section */
		97FB28568B90FF225E5F904D /* PBXContainerItemProxy */ = {
			isa = PBXContainerItemProxy;
			containerPortal = 843BC9D1FDEFA0231600B8F1 /* Project object */;
			proxyType = 1;
			remoteGlobalIDString = 7F61B2C9FB8C91DABF83CF91;
			remoteInfo = PiHoleMenuApp;
		};
/* End PBXContainerItemProxy section */

/* Begin PBXFileReference section */
		005164E39044FE38D8BF310E /* ServerStatusMonitor.swift */ = {isa = PBXFileReference; lastKnownFileType = sourcecode.swift; path = ServerStatusMonitor.swift; sourceTree = "<group>"; };
		03A739642FAEC5A2B267C3D0 /* PiHoleMenuApp.entitlements */ = {isa = PBXFileReference; lastKnownFileType = text.plist.entitlements; path = PiHoleMenuApp.entitlements; sourceTree = "<group>"; };
		06BA66B6BE059B7E6945E602 /* PiholeServer.swift */ = {isa = PBXFileReference; lastKnownFileType = sourcecode.swift; path = PiholeServer.swift; sourceTree = "<group>"; };
		0D99A6ABEDA685F9A5AC561C /* ConnectionListView.swift */ = {isa = PBXFileReference; lastKnownFileType = sourcecode.swift; path = ConnectionListView.swift; sourceTree = "<group>"; };
		10E6A7A648A8A7D28E4C4449 /* MenuBarController.swift */ = {isa = PBXFileReference; lastKnownFileType = sourcecode.swift; path = MenuBarController.swift; sourceTree = "<group>"; };
		17EB9CF85B8FD552EB0D8B68 /* ServerProviding.swift */ = {isa = PBXFileReference; lastKnownFileType = sourcecode.swift; path = ServerProviding.swift; sourceTree = "<group>"; };
		30F76AC1512A7B1EF5C60939 /* PiHoleMenuApp.swift */ = {isa = PBXFileReference; lastKnownFileType = sourcecode.swift; path = PiHoleMenuApp.swift; sourceTree = "<group>"; };
		33F04B8112E11046E5EE2499 /* Logger+Subsystem.swift */ = {isa = PBXFileReference; lastKnownFileType = sourcecode.swift; path = "Logger+Subsystem.swift"; sourceTree = "<group>"; };
		39E2AA4D00BCAEF32D6F0868 /* MockPiholeService.swift */ = {isa = PBXFileReference; lastKnownFileType = sourcecode.swift; path = MockPiholeService.swift; sourceTree = "<group>"; };
		3FE7E54DAE4D975161045659 /* TimerManager.swift */ = {isa = PBXFileReference; lastKnownFileType = sourcecode.swift; path = TimerManager.swift; sourceTree = "<group>"; };
		42F6F5753F75BB8776C2625C /* BlockingStatus.swift */ = {isa = PBXFileReference; lastKnownFileType = sourcecode.swift; path = BlockingStatus.swift; sourceTree = "<group>"; };
		4CA7117895560662C0E313BB /* KeychainManager.swift */ = {isa = PBXFileReference; lastKnownFileType = sourcecode.swift; path = KeychainManager.swift; sourceTree = "<group>"; };
		4E5B4D8CBCA55BC952EBEB06 /* PiHoleMenuAppTests.swift */ = {isa = PBXFileReference; lastKnownFileType = sourcecode.swift; path = PiHoleMenuAppTests.swift; sourceTree = "<group>"; };
		4F55B897B9240E72EE1A59D8 /* ServerStorage.swift */ = {isa = PBXFileReference; lastKnownFileType = sourcecode.swift; path = ServerStorage.swift; sourceTree = "<group>"; };
		54AC406B058539963AE1B9F3 /* TempUnblockManagerTests.swift */ = {isa = PBXFileReference; lastKnownFileType = sourcecode.swift; path = TempUnblockManagerTests.swift; sourceTree = "<group>"; };
		557406A4AB39B319EEEDB440 /* PiHoleMenuAppTests.xctest */ = {isa = PBXFileReference; explicitFileType = wrapper.cfbundle; includeInIndex = 0; path = PiHoleMenuAppTests.xctest; sourceTree = BUILT_PRODUCTS_DIR; };
		5B40BC5651FA9B253A7C731E /* TempUnblockManager.swift */ = {isa = PBXFileReference; lastKnownFileType = sourcecode.swift; path = TempUnblockManager.swift; sourceTree = "<group>"; };
		6C4843B539B754AC665F8121 /* PiholeServerManager.swift */ = {isa = PBXFileReference; lastKnownFileType = sourcecode.swift; path = PiholeServerManager.swift; sourceTree = "<group>"; };
		75DF7021721A80B4D4A9B9E9 /* CertificateTrustDelegate.swift */ = {isa = PBXFileReference; lastKnownFileType = sourcecode.swift; path = CertificateTrustDelegate.swift; sourceTree = "<group>"; };
		791F34ED91F343C173A2145A /* TempUnblockRecord.swift */ = {isa = PBXFileReference; lastKnownFileType = sourcecode.swift; path = TempUnblockRecord.swift; sourceTree = "<group>"; };
		797A206AF58C445F627883E9 /* NetworkInterface.swift */ = {isa = PBXFileReference; lastKnownFileType = sourcecode.swift; path = NetworkInterface.swift; sourceTree = "<group>"; };
		7C08FC451CCCA7EF83753F22 /* MenuBuilder.swift */ = {isa = PBXFileReference; lastKnownFileType = sourcecode.swift; path = MenuBuilder.swift; sourceTree = "<group>"; };
		7F67A7AAADD041B948BD6AB3 /* PiHoleMenuApp.app */ = {isa = PBXFileReference; explicitFileType = wrapper.application; includeInIndex = 0; path = PiHoleMenuApp.app; sourceTree = BUILT_PRODUCTS_DIR; };
		816DAE731EC771959A9F43B3 /* PiholeServiceProtocol.swift */ = {isa = PBXFileReference; lastKnownFileType = sourcecode.swift; path = PiholeServiceProtocol.swift; sourceTree = "<group>"; };
		8D5173186B87671D8390E861 /* PiholeError.swift */ = {isa = PBXFileReference; lastKnownFileType = sourcecode.swift; path = PiholeError.swift; sourceTree = "<group>"; };
		92BEA8B81FC013394DE37547 /* PiholeV6Service.swift */ = {isa = PBXFileReference; lastKnownFileType = sourcecode.swift; path = PiholeV6Service.swift; sourceTree = "<group>"; };
		967DB92892E8E62E0706D9AD /* ConnectionCardView.swift */ = {isa = PBXFileReference; lastKnownFileType = sourcecode.swift; path = ConnectionCardView.swift; sourceTree = "<group>"; };
		9BC2794D38B601DE5001634C /* Assets.xcassets */ = {isa = PBXFileReference; lastKnownFileType = folder.assetcatalog; path = Assets.xcassets; sourceTree = "<group>"; };
		9E5FAFC3E89D0CD9CB9F3E27 /* Info.plist */ = {isa = PBXFileReference; lastKnownFileType = text.plist; path = Info.plist; sourceTree = "<group>"; };
		A85DCF5122A78B98F17F6FE3 /* PiholeVersionDetector.swift */ = {isa = PBXFileReference; lastKnownFileType = sourcecode.swift; path = PiholeVersionDetector.swift; sourceTree = "<group>"; };
		B3A87483ADD4627C31DC999A /* ReachabilityMonitor.swift */ = {isa = PBXFileReference; lastKnownFileType = sourcecode.swift; path = ReachabilityMonitor.swift; sourceTree = "<group>"; };
		B49560025B59AFC630839F91 /* HTTPMethod.swift */ = {isa = PBXFileReference; lastKnownFileType = sourcecode.swift; path = HTTPMethod.swift; sourceTree = "<group>"; };
		B6622B929130B21854D077CE /* PiholeV5Service.swift */ = {isa = PBXFileReference; lastKnownFileType = sourcecode.swift; path = PiholeV5Service.swift; sourceTree = "<group>"; };
		C09B20D85478A090EEA8264D /* ConnectionStatus.swift */ = {isa = PBXFileReference; lastKnownFileType = sourcecode.swift; path = ConnectionStatus.swift; sourceTree = "<group>"; };
		C6CE536A192B4286DA9BB704 /* SettingsWindowController.swift */ = {isa = PBXFileReference; lastKnownFileType = sourcecode.swift; path = SettingsWindowController.swift; sourceTree = "<group>"; };
		C7872875694962D49EFAD70A /* SettingsView.swift */ = {isa = PBXFileReference; lastKnownFileType = sourcecode.swift; path = SettingsView.swift; sourceTree = "<group>"; };
		D2C265279462281B4F1948F7 /* AuthManager.swift */ = {isa = PBXFileReference; lastKnownFileType = sourcecode.swift; path = AuthManager.swift; sourceTree = "<group>"; };
		D38A03EFE8331CAB83610153 /* MenuContentView.swift */ = {isa = PBXFileReference; lastKnownFileType = sourcecode.swift; path = MenuContentView.swift; sourceTree = "<group>"; };
		DBC4C5CD09942C8F57B3BC26 /* SettingsStore.swift */ = {isa = PBXFileReference; lastKnownFileType = sourcecode.swift; path = SettingsStore.swift; sourceTree = "<group>"; };
		E31B916904AA499388D77A6E /* RecentQuery.swift */ = {isa = PBXFileReference; lastKnownFileType = sourcecode.swift; path = RecentQuery.swift; sourceTree = "<group>"; };
		E6E4525F96C5A7743DC12289 /* ConnectionFormView.swift */ = {isa = PBXFileReference; lastKnownFileType = sourcecode.swift; path = ConnectionFormView.swift; sourceTree = "<group>"; };
		FE0C60BE53F9D97BA58CF9E0 /* DomainEntry.swift */ = {isa = PBXFileReference; lastKnownFileType = sourcecode.swift; path = DomainEntry.swift; sourceTree = "<group>"; };
/* End PBXFileReference section */

/* Begin PBXFrameworksBuildPhase section */
		7B036B8D9161F2B87F262320 /* Frameworks */ = {
			isa = PBXFrameworksBuildPhase;
			buildActionMask = 2147483647;
			files = (
				D264C4CA3B98AC865F15D131 /* SimpleKeychain in Frameworks */,
			);
			runOnlyForDeploymentPostprocessing = 0;
		};
/* End PBXFrameworksBuildPhase section */

/* Begin PBXGroup section */
		33D1D1B2A6837CBD835D802B /* Models */ = {
			isa = PBXGroup;
			children = (
				42F6F5753F75BB8776C2625C /* BlockingStatus.swift */,
				C09B20D85478A090EEA8264D /* ConnectionStatus.swift */,
				FE0C60BE53F9D97BA58CF9E0 /* DomainEntry.swift */,
				06BA66B6BE059B7E6945E602 /* PiholeServer.swift */,
				E31B916904AA499388D77A6E /* RecentQuery.swift */,
				791F34ED91F343C173A2145A /* TempUnblockRecord.swift */,
			);
			path = Models;
			sourceTree = "<group>";
		};
		3D3DE15807CA8CEE6784EC0F /* Utils */ = {
			isa = PBXGroup;
			children = (
				B49560025B59AFC630839F91 /* HTTPMethod.swift */,
				4CA7117895560662C0E313BB /* KeychainManager.swift */,
				33F04B8112E11046E5EE2499 /* Logger+Subsystem.swift */,
				797A206AF58C445F627883E9 /* NetworkInterface.swift */,
			);
			path = Utils;
			sourceTree = "<group>";
		};
		5F79142114C84A235343D1CA = {
			isa = PBXGroup;
			children = (
				F8FC45BA584849C49D4C6E35 /* PiHoleMenuApp */,
				D932A16F1CA4FA32219E3FD5 /* PiHoleMenuAppTests */,
				C3438AAEF2C9F271253B4DA2 /* Products */,
			);
			sourceTree = "<group>";
		};
		980A73E8F3FC2EC457D45044 /* Resources */ = {
			isa = PBXGroup;
			children = (
				9BC2794D38B601DE5001634C /* Assets.xcassets */,
				03A739642FAEC5A2B267C3D0 /* PiHoleMenuApp.entitlements */,
			);
			path = Resources;
			sourceTree = "<group>";
		};
		B27B54522FF092533535CE81 /* ConnectionViews */ = {
			isa = PBXGroup;
			children = (
				967DB92892E8E62E0706D9AD /* ConnectionCardView.swift */,
				E6E4525F96C5A7743DC12289 /* ConnectionFormView.swift */,
				0D99A6ABEDA685F9A5AC561C /* ConnectionListView.swift */,
			);
			path = ConnectionViews;
			sourceTree = "<group>";
		};
		B50F4EC56A3B46E84D880980 /* Services */ = {
			isa = PBXGroup;
			children = (
				D2C265279462281B4F1948F7 /* AuthManager.swift */,
				75DF7021721A80B4D4A9B9E9 /* CertificateTrustDelegate.swift */,
				8D5173186B87671D8390E861 /* PiholeError.swift */,
				816DAE731EC771959A9F43B3 /* PiholeServiceProtocol.swift */,
				B6622B929130B21854D077CE /* PiholeV5Service.swift */,
				92BEA8B81FC013394DE37547 /* PiholeV6Service.swift */,
				A85DCF5122A78B98F17F6FE3 /* PiholeVersionDetector.swift */,
				B3A87483ADD4627C31DC999A /* ReachabilityMonitor.swift */,
				17EB9CF85B8FD552EB0D8B68 /* ServerProviding.swift */,
				005164E39044FE38D8BF310E /* ServerStatusMonitor.swift */,
				5B40BC5651FA9B253A7C731E /* TempUnblockManager.swift */,
				3FE7E54DAE4D975161045659 /* TimerManager.swift */,
			);
			path = Services;
			sourceTree = "<group>";
		};
		C3438AAEF2C9F271253B4DA2 /* Products */ = {
			isa = PBXGroup;
			children = (
				7F67A7AAADD041B948BD6AB3 /* PiHoleMenuApp.app */,
				557406A4AB39B319EEEDB440 /* PiHoleMenuAppTests.xctest */,
			);
			name = Products;
			sourceTree = "<group>";
		};
		D09D8FFE6F265CA07AA936C3 /* App */ = {
			isa = PBXGroup;
			children = (
				10E6A7A648A8A7D28E4C4449 /* MenuBarController.swift */,
				7C08FC451CCCA7EF83753F22 /* MenuBuilder.swift */,
				D38A03EFE8331CAB83610153 /* MenuContentView.swift */,
			);
			path = App;
			sourceTree = "<group>";
		};
		D932A16F1CA4FA32219E3FD5 /* PiHoleMenuAppTests */ = {
			isa = PBXGroup;
			children = (
				39E2AA4D00BCAEF32D6F0868 /* MockPiholeService.swift */,
				4E5B4D8CBCA55BC952EBEB06 /* PiHoleMenuAppTests.swift */,
				54AC406B058539963AE1B9F3 /* TempUnblockManagerTests.swift */,
			);
			name = PiHoleMenuAppTests;
			path = Tests/PiHoleMenuAppTests;
			sourceTree = "<group>";
		};
		E7D65C15528988F36D40A252 /* Settings */ = {
			isa = PBXGroup;
			children = (
				6C4843B539B754AC665F8121 /* PiholeServerManager.swift */,
				4F55B897B9240E72EE1A59D8 /* ServerStorage.swift */,
				DBC4C5CD09942C8F57B3BC26 /* SettingsStore.swift */,
				C7872875694962D49EFAD70A /* SettingsView.swift */,
				C6CE536A192B4286DA9BB704 /* SettingsWindowController.swift */,
				B27B54522FF092533535CE81 /* ConnectionViews */,
			);
			path = Settings;
			sourceTree = "<group>";
		};
		F8FC45BA584849C49D4C6E35 /* PiHoleMenuApp */ = {
			isa = PBXGroup;
			children = (
				9E5FAFC3E89D0CD9CB9F3E27 /* Info.plist */,
				30F76AC1512A7B1EF5C60939 /* PiHoleMenuApp.swift */,
				D09D8FFE6F265CA07AA936C3 /* App */,
				33D1D1B2A6837CBD835D802B /* Models */,
				980A73E8F3FC2EC457D45044 /* Resources */,
				B50F4EC56A3B46E84D880980 /* Services */,
				E7D65C15528988F36D40A252 /* Settings */,
				3D3DE15807CA8CEE6784EC0F /* Utils */,
			);
			name = PiHoleMenuApp;
			path = Sources/PiHoleMenuApp;
			sourceTree = "<group>";
		};
/* End PBXGroup section */

/* Begin PBXNativeTarget section */
		7F61B2C9FB8C91DABF83CF91 /* PiHoleMenuApp */ = {
			isa = PBXNativeTarget;
			buildConfigurationList = BF166A234825EF082B2D42FE /* Build configuration list for PBXNativeTarget "PiHoleMenuApp" */;
			buildPhases = (
				AC101146CC5C6060BAC78F7D /* Run swift-format lint */,
				6B568243CA0A822027A0B2D7 /* Sources */,
				C3D57DD34E7F2AB4BAD8104C /* Resources */,
				7B036B8D9161F2B87F262320 /* Frameworks */,
			);
			buildRules = (
			);
			dependencies = (
			);
			name = PiHoleMenuApp;
			packageProductDependencies = (
				6D6BFB60232B23353A9BF8E2 /* SimpleKeychain */,
			);
			productName = PiHoleMenuApp;
			productReference = 7F67A7AAADD041B948BD6AB3 /* PiHoleMenuApp.app */;
			productType = "com.apple.product-type.application";
		};
		B560C1168ADB0169DFC0643D /* PiHoleMenuAppTests */ = {
			isa = PBXNativeTarget;
			buildConfigurationList = 6DA46E92CFE0DD9225719FAF /* Build configuration list for PBXNativeTarget "PiHoleMenuAppTests" */;
			buildPhases = (
				664F311DBE9C79EDF637456F /* Sources */,
			);
			buildRules = (
			);
			dependencies = (
				B8D25271A25ED98C3D86E7EB /* PBXTargetDependency */,
			);
			name = PiHoleMenuAppTests;
			packageProductDependencies = (
			);
			productName = PiHoleMenuAppTests;
			productReference = 557406A4AB39B319EEEDB440 /* PiHoleMenuAppTests.xctest */;
			productType = "com.apple.product-type.bundle.unit-test";
		};
/* End PBXNativeTarget section */

/* Begin PBXProject section */
		843BC9D1FDEFA0231600B8F1 /* Project object */ = {
			isa = PBXProject;
			attributes = {
				BuildIndependentTargetsInParallel = YES;
				LastUpgradeCheck = 1600;
				TargetAttributes = {
				};
			};
			buildConfigurationList = 4F4F8467CF2AE85E3BA82756 /* Build configuration list for PBXProject "PiHoleMenuApp" */;
			developmentRegion = en;
			hasScannedForEncodings = 0;
			knownRegions = (
				Base,
				en,
			);
			mainGroup = 5F79142114C84A235343D1CA;
			minimizedProjectReferenceProxies = 1;
			packageReferences = (
				690D71E7E5FABA7145983630 /* XCRemoteSwiftPackageReference "SimpleKeychain" */,
			);
			preferredProjectObjectVersion = 77;
			productRefGroup = C3438AAEF2C9F271253B4DA2 /* Products */;
			projectDirPath = "";
			projectRoot = "";
			targets = (
				7F61B2C9FB8C91DABF83CF91 /* PiHoleMenuApp */,
				B560C1168ADB0169DFC0643D /* PiHoleMenuAppTests */,
			);
		};
/* End PBXProject section */

/* Begin PBXResourcesBuildPhase section */
		C3D57DD34E7F2AB4BAD8104C /* Resources */ = {
			isa = PBXResourcesBuildPhase;
			buildActionMask = 2147483647;
			files = (
				8D127B6703F4C450B3D54031 /* Assets.xcassets in Resources */,
			);
			runOnlyForDeploymentPostprocessing = 0;
		};
/* End PBXResourcesBuildPhase section */

/* Begin PBXShellScriptBuildPhase section */
		AC101146CC5C6060BAC78F7D /* Run swift-format lint */ = {
			isa = PBXShellScriptBuildPhase;
			alwaysOutOfDate = 1;
			buildActionMask = 2147483647;
			files = (
			);
			inputFileListPaths = (
			);
			inputPaths = (
			);
			name = "Run swift-format lint";
			outputFileListPaths = (
			);
			outputPaths = (
			);
			runOnlyForDeploymentPostprocessing = 0;
			shellPath = /bin/sh;
			shellScript = "FORMAT_BIN=$(xcrun --find swift-format 2>/dev/null)\nif [ -n \"$FORMAT_BIN\" ]; then\n  \"$FORMAT_BIN\" lint --recursive --strict Sources/ Tests/\nelse\n  echo \"warning: swift-format not found in Xcode toolchain\"\nfi\n";
		};
/* End PBXShellScriptBuildPhase section */

/* Begin PBXSourcesBuildPhase section */
		664F311DBE9C79EDF637456F /* Sources */ = {
			isa = PBXSourcesBuildPhase;
			buildActionMask = 2147483647;
			files = (
				E248D68C10E9949A0FF2D97F /* MockPiholeService.swift in Sources */,
				59EA2A3BC6D3F4B04933B0C1 /* PiHoleMenuAppTests.swift in Sources */,
				368F178366A8078E58002D4E /* TempUnblockManagerTests.swift in Sources */,
			);
			runOnlyForDeploymentPostprocessing = 0;
		};
		6B568243CA0A822027A0B2D7 /* Sources */ = {
			isa = PBXSourcesBuildPhase;
			buildActionMask = 2147483647;
			files = (
				EDCD56C7FDBC0D9095733C9C /* AuthManager.swift in Sources */,
				70131BF0DDEB4142E62E3876 /* BlockingStatus.swift in Sources */,
				AF88ADC963167B285ADAB1EE /* CertificateTrustDelegate.swift in Sources */,
				2F51A3D90598F542EB14F5D6 /* ConnectionCardView.swift in Sources */,
				806331DCB143ACC9502F6BE6 /* ConnectionFormView.swift in Sources */,
				F96E1886C7FF8C26B6840C3D /* ConnectionListView.swift in Sources */,
				F19CEBCCFF279A2F9E08D081 /* ConnectionStatus.swift in Sources */,
				FF3FC37C287C27B9B79D9594 /* DomainEntry.swift in Sources */,
				81416453F12B4B639967D0AB /* HTTPMethod.swift in Sources */,
				53D8EE0BBAA1C864978DC42D /* KeychainManager.swift in Sources */,
				54CA6E27055330EC260F9AFE /* Logger+Subsystem.swift in Sources */,
				8422B001399861F49232DC0F /* MenuBarController.swift in Sources */,
				BE943DD20DB4B8E17C4D3299 /* MenuBuilder.swift in Sources */,
				E766C8ABAEA6B3F3E08895FA /* MenuContentView.swift in Sources */,
				FFBF1A9F876FFA71F5E6A7C1 /* NetworkInterface.swift in Sources */,
				F11C911571512492955190BF /* PiHoleMenuApp.swift in Sources */,
				C86BD908489ED3001C3C7666 /* PiholeError.swift in Sources */,
				A514D76A8EA40EA3F5D86984 /* PiholeServer.swift in Sources */,
				12D50ACDE0686F329948296A /* PiholeServerManager.swift in Sources */,
				70656E406E58BEB9E7BB775B /* PiholeServiceProtocol.swift in Sources */,
				EFC9892D1269B09F6146FF64 /* PiholeV5Service.swift in Sources */,
				73F27B1D9961CA0708FC47A4 /* PiholeV6Service.swift in Sources */,
				008605F986B29A2AE2C07E43 /* PiholeVersionDetector.swift in Sources */,
				1B6C91C0D8A374FC95FA046D /* ReachabilityMonitor.swift in Sources */,
				AFC16F44E88DCE2AD03583FA /* RecentQuery.swift in Sources */,
				48D31172334469C83AB28A6C /* ServerProviding.swift in Sources */,
				F21CCF0DF1B591D5074E31F6 /* ServerStatusMonitor.swift in Sources */,
				E46D84C4932BCEB5351F3EB4 /* ServerStorage.swift in Sources */,
				A5FAA3B79F95F6E4C44EEDA0 /* SettingsStore.swift in Sources */,
				1D4CE7D91F27E486ED15EF56 /* SettingsView.swift in Sources */,
				9B7436594D0088AD6551D67D /* SettingsWindowController.swift in Sources */,
				533212534D1EF6B323E75160 /* TempUnblockManager.swift in Sources */,
				CDDA9E71674DDB19074AE42C /* TempUnblockRecord.swift in Sources */,
				690EEB1EE238C53CAFCF40CA /* TimerManager.swift in Sources */,
			);
			runOnlyForDeploymentPostprocessing = 0;
		};
/* End PBXSourcesBuildPhase section */

/* Begin PBXTargetDependency section */
		B8D25271A25ED98C3D86E7EB /* PBXTargetDependency */ = {
			isa = PBXTargetDependency;
			target = 7F61B2C9FB8C91DABF83CF91 /* PiHoleMenuApp */;
			targetProxy = 97FB28568B90FF225E5F904D /* PBXContainerItemProxy */;
		};
/* End PBXTargetDependency section */

/* Begin XCBuildConfiguration section */
		1BEA0C525ADDFD5CF1749887 /* Debug */ = {
			isa = XCBuildConfiguration;
			buildSettings = {
				ALWAYS_SEARCH_USER_PATHS = NO;
				CLANG_ANALYZER_NONNULL = YES;
				CLANG_ANALYZER_NUMBER_OBJECT_CONVERSION = YES_AGGRESSIVE;
				CLANG_CXX_LANGUAGE_STANDARD = "gnu++14";
				CLANG_CXX_LIBRARY = "libc++";
				CLANG_ENABLE_MODULES = YES;
				CLANG_ENABLE_OBJC_ARC = YES;
				CLANG_ENABLE_OBJC_WEAK = YES;
				CLANG_WARN_BLOCK_CAPTURE_AUTORELEASING = YES;
				CLANG_WARN_BOOL_CONVERSION = YES;
				CLANG_WARN_COMMA = YES;
				CLANG_WARN_CONSTANT_CONVERSION = YES;
				CLANG_WARN_DEPRECATED_OBJC_IMPLEMENTATIONS = YES;
				CLANG_WARN_DIRECT_OBJC_ISA_USAGE = YES_ERROR;
				CLANG_WARN_DOCUMENTATION_COMMENTS = YES;
				CLANG_WARN_EMPTY_BODY = YES;
				CLANG_WARN_ENUM_CONVERSION = YES;
				CLANG_WARN_INFINITE_RECURSION = YES;
				CLANG_WARN_INT_CONVERSION = YES;
				CLANG_WARN_NON_LITERAL_NULL_CONVERSION = YES;
				CLANG_WARN_OBJC_IMPLICIT_RETAIN_SELF = YES;
				CLANG_WARN_OBJC_LITERAL_CONVERSION = YES;
				CLANG_WARN_OBJC_ROOT_CLASS = YES_ERROR;
				CLANG_WARN_QUOTED_INCLUDE_IN_FRAMEWORK_HEADER = YES;
				CLANG_WARN_RANGE_LOOP_ANALYSIS = YES;
				CLANG_WARN_STRICT_PROTOTYPES = YES;
				CLANG_WARN_SUSPICIOUS_MOVE = YES;
				CLANG_WARN_UNGUARDED_AVAILABILITY = YES_AGGRESSIVE;
				CLANG_WARN_UNREACHABLE_CODE = YES;
				CLANG_WARN__DUPLICATE_METHOD_MATCH = YES;
				COPY_PHASE_STRIP = NO;
				DEBUG_INFORMATION_FORMAT = dwarf;
				ENABLE_STRICT_OBJC_MSGSEND = YES;
				ENABLE_TESTABILITY = YES;
				GCC_C_LANGUAGE_STANDARD = gnu11;
				GCC_DYNAMIC_NO_PIC = NO;
				GCC_NO_COMMON_BLOCKS = YES;
				GCC_OPTIMIZATION_LEVEL = 0;
				GCC_PREPROCESSOR_DEFINITIONS = (
					"$(inherited)",
					"DEBUG=1",
				);
				GCC_WARN_64_TO_32_BIT_CONVERSION = YES;
				GCC_WARN_ABOUT_RETURN_TYPE = YES_ERROR;
				GCC_WARN_UNDECLARED_SELECTOR = YES;
				GCC_WARN_UNINITIALIZED_AUTOS = YES_AGGRESSIVE;
				GCC_WARN_UNUSED_FUNCTION = YES;
				GCC_WARN_UNUSED_VARIABLE = YES;
				MACOSX_DEPLOYMENT_TARGET = 14.0;
				MTL_ENABLE_DEBUG_INFO = INCLUDE_SOURCE;
				MTL_FAST_MATH = YES;
				ONLY_ACTIVE_ARCH = YES;
				PRODUCT_NAME = "$(TARGET_NAME)";
				SDKROOT = macosx;
				SWIFT_ACTIVE_COMPILATION_CONDITIONS = DEBUG;
				SWIFT_OPTIMIZATION_LEVEL = "-Onone";
				SWIFT_VERSION = 5.9;
			};
			name = Debug;
		};
		3E9D53DE63E281EAB0753956 /* Release */ = {
			isa = XCBuildConfiguration;
			buildSettings = {
				BUNDLE_LOADER = "$(TEST_HOST)";
				COMBINE_HIDPI_IMAGES = YES;
				GENERATE_INFOPLIST_FILE = YES;
				LD_RUNPATH_SEARCH_PATHS = (
					"$(inherited)",
					"@executable_path/../Frameworks",
					"@loader_path/../Frameworks",
				);
				PRODUCT_BUNDLE_IDENTIFIER = com.pihole.menuapp.tests;
				SDKROOT = macosx;
				TEST_HOST = "$(BUILT_PRODUCTS_DIR)/PiHoleMenuApp.app/Contents/MacOS/PiHoleMenuApp";
			};
			name = Release;
		};
		40E03DA5EE80ADD661EEBE38 /* Release */ = {
			isa = XCBuildConfiguration;
			buildSettings = {
				ASSETCATALOG_COMPILER_APPICON_NAME = AppIcon;
				CODE_SIGN_ENTITLEMENTS = Sources/PiHoleMenuApp/Resources/PiHoleMenuApp.entitlements;
				COMBINE_HIDPI_IMAGES = YES;
				INFOPLIST_FILE = Sources/PiHoleMenuApp/Info.plist;
				LD_RUNPATH_SEARCH_PATHS = (
					"$(inherited)",
					"@executable_path/../Frameworks",
				);
				PRODUCT_BUNDLE_IDENTIFIER = com.pihole.menuapp;
				SDKROOT = macosx;
			};
			name = Release;
		};
		7C4232FBB69211649D20DBAC /* Debug */ = {
			isa = XCBuildConfiguration;
			buildSettings = {
				ASSETCATALOG_COMPILER_APPICON_NAME = AppIcon;
				CODE_SIGN_ENTITLEMENTS = Sources/PiHoleMenuApp/Resources/PiHoleMenuApp.entitlements;
				COMBINE_HIDPI_IMAGES = YES;
				INFOPLIST_FILE = Sources/PiHoleMenuApp/Info.plist;
				LD_RUNPATH_SEARCH_PATHS = (
					"$(inherited)",
					"@executable_path/../Frameworks",
				);
				PRODUCT_BUNDLE_IDENTIFIER = com.pihole.menuapp;
				SDKROOT = macosx;
			};
			name = Debug;
		};
		BFC44CF27F19FC4B223C25AE /* Release */ = {
			isa = XCBuildConfiguration;
			buildSettings = {
				ALWAYS_SEARCH_USER_PATHS = NO;
				CLANG_ANALYZER_NONNULL = YES;
				CLANG_ANALYZER_NUMBER_OBJECT_CONVERSION = YES_AGGRESSIVE;
				CLANG_CXX_LANGUAGE_STANDARD = "gnu++14";
				CLANG_CXX_LIBRARY = "libc++";
				CLANG_ENABLE_MODULES = YES;
				CLANG_ENABLE_OBJC_ARC = YES;
				CLANG_ENABLE_OBJC_WEAK = YES;
				CLANG_WARN_BLOCK_CAPTURE_AUTORELEASING = YES;
				CLANG_WARN_BOOL_CONVERSION = YES;
				CLANG_WARN_COMMA = YES;
				CLANG_WARN_CONSTANT_CONVERSION = YES;
				CLANG_WARN_DEPRECATED_OBJC_IMPLEMENTATIONS = YES;
				CLANG_WARN_DIRECT_OBJC_ISA_USAGE = YES_ERROR;
				CLANG_WARN_DOCUMENTATION_COMMENTS = YES;
				CLANG_WARN_EMPTY_BODY = YES;
				CLANG_WARN_ENUM_CONVERSION = YES;
				CLANG_WARN_INFINITE_RECURSION = YES;
				CLANG_WARN_INT_CONVERSION = YES;
				CLANG_WARN_NON_LITERAL_NULL_CONVERSION = YES;
				CLANG_WARN_OBJC_IMPLICIT_RETAIN_SELF = YES;
				CLANG_WARN_OBJC_LITERAL_CONVERSION = YES;
				CLANG_WARN_OBJC_ROOT_CLASS = YES_ERROR;
				CLANG_WARN_QUOTED_INCLUDE_IN_FRAMEWORK_HEADER = YES;
				CLANG_WARN_RANGE_LOOP_ANALYSIS = YES;
				CLANG_WARN_STRICT_PROTOTYPES = YES;
				CLANG_WARN_SUSPICIOUS_MOVE = YES;
				CLANG_WARN_UNGUARDED_AVAILABILITY = YES_AGGRESSIVE;
				CLANG_WARN_UNREACHABLE_CODE = YES;
				CLANG_WARN__DUPLICATE_METHOD_MATCH = YES;
				COPY_PHASE_STRIP = NO;
				DEBUG_INFORMATION_FORMAT = "dwarf-with-dsym";
				ENABLE_NS_ASSERTIONS = NO;
				ENABLE_STRICT_OBJC_MSGSEND = YES;
				GCC_C_LANGUAGE_STANDARD = gnu11;
				GCC_NO_COMMON_BLOCKS = YES;
				GCC_WARN_64_TO_32_BIT_CONVERSION = YES;
				GCC_WARN_ABOUT_RETURN_TYPE = YES_ERROR;
				GCC_WARN_UNDECLARED_SELECTOR = YES;
				GCC_WARN_UNINITIALIZED_AUTOS = YES_AGGRESSIVE;
				GCC_WARN_UNUSED_FUNCTION = YES;
				GCC_WARN_UNUSED_VARIABLE = YES;
				MACOSX_DEPLOYMENT_TARGET = 14.0;
				MTL_ENABLE_DEBUG_INFO = NO;
				MTL_FAST_MATH = YES;
				PRODUCT_NAME = "$(TARGET_NAME)";
				SDKROOT = macosx;
				SWIFT_COMPILATION_MODE = wholemodule;
				SWIFT_OPTIMIZATION_LEVEL = "-O";
				SWIFT_VERSION = 5.9;
			};
			name = Release;
		};
		CE15DF00170E0B0BB484B7C3 /* Debug */ = {
			isa = XCBuildConfiguration;
			buildSettings = {
				BUNDLE_LOADER = "$(TEST_HOST)";
				COMBINE_HIDPI_IMAGES = YES;
				GENERATE_INFOPLIST_FILE = YES;
				LD_RUNPATH_SEARCH_PATHS = (
					"$(inherited)",
					"@executable_path/../Frameworks",
					"@loader_path/../Frameworks",
				);
				PRODUCT_BUNDLE_IDENTIFIER = com.pihole.menuapp.tests;
				SDKROOT = macosx;
				TEST_HOST = "$(BUILT_PRODUCTS_DIR)/PiHoleMenuApp.app/Contents/MacOS/PiHoleMenuApp";
			};
			name = Debug;
		};
/* End XCBuildConfiguration section */

/* Begin XCConfigurationList section */
		4F4F8467CF2AE85E3BA82756 /* Build configuration list for PBXProject "PiHoleMenuApp" */ = {
			isa = XCConfigurationList;
			buildConfigurations = (
				1BEA0C525ADDFD5CF1749887 /* Debug */,
				BFC44CF27F19FC4B223C25AE /* Release */,
			);
			defaultConfigurationIsVisible = 0;
			defaultConfigurationName = Debug;
		};
		6DA46E92CFE0DD9225719FAF /* Build configuration list for PBXNativeTarget "PiHoleMenuAppTests" */ = {
			isa = XCConfigurationList;
			buildConfigurations = (
				CE15DF00170E0B0BB484B7C3 /* Debug */,
				3E9D53DE63E281EAB0753956 /* Release */,
			);
			defaultConfigurationIsVisible = 0;
			defaultConfigurationName = Debug;
		};
		BF166A234825EF082B2D42FE /* Build configuration list for PBXNativeTarget "PiHoleMenuApp" */ = {
			isa = XCConfigurationList;
			buildConfigurations = (
				7C4232FBB69211649D20DBAC /* Debug */,
				40E03DA5EE80ADD661EEBE38 /* Release */,
			);
			defaultConfigurationIsVisible = 0;
			defaultConfigurationName = Debug;
		};
/* End XCConfigurationList section */

/* Begin XCRemoteSwiftPackageReference section */
		690D71E7E5FABA7145983630 /* XCRemoteSwiftPackageReference "SimpleKeychain" */ = {
			isa = XCRemoteSwiftPackageReference;
			repositoryURL = "https://github.com/auth0/SimpleKeychain";
			requirement = {
				kind = upToNextMajorVersion;
				minimumVersion = 1.3.0;
			};
		};
/* End XCRemoteSwiftPackageReference section */

/* Begin XCSwiftPackageProductDependency section */
		6D6BFB60232B23353A9BF8E2 /* SimpleKeychain */ = {
			isa = XCSwiftPackageProductDependency;
			package = 690D71E7E5FABA7145983630 /* XCRemoteSwiftPackageReference "SimpleKeychain" */;
			productName = SimpleKeychain;
		};
/* End XCSwiftPackageProductDependency section */
	};
	rootObject = 843BC9D1FDEFA0231600B8F1 /* Project object */;
}
