// !$*UTF8*$!
{
	archiveVersion = 1;
	classes = {
	};
	objectVersion = 77;
	objects = {

/* Begin PBXBuildFile section */
		011C13B859278B5DB78C9BE9 /* NotificationCoordinator.swift in Sources */ = {isa = PBXBuildFile; fileRef = F090E5C51EA3578AF3CA6A93 /* NotificationCoordinator.swift */; };
		038FEAFB14DC67AFACF9724F /* ShortcutNames.swift in Sources */ = {isa = PBXBuildFile; fileRef = 8AEAE3D3AF6DF75263144C73 /* ShortcutNames.swift */; };
		11C4A4764BB4E912153238E2 /* DurationField.swift in Sources */ = {isa = PBXBuildFile; fileRef = A95D78A3AB479976D7E8CF46 /* DurationField.swift */; };
		1572CFD17AD9010FCE872313 /* DurationPickerAlert.swift in Sources */ = {isa = PBXBuildFile; fileRef = 2DE330606C4DD60836AE5E79 /* DurationPickerAlert.swift */; };
		190DDC489CC23486BD2C7290 /* SymbolPicker in Frameworks */ = {isa = PBXBuildFile; productRef = B0E62A40CEFA9876FE31890F /* SymbolPicker */; };
		1CA9613D75CEDCA3D3F5EBF6 /* HoleberryCore in Frameworks */ = {isa = PBXBuildFile; productRef = 5655861CCA489CC3B0BBB29F /* HoleberryCore */; };
		1D695BDB1606AEB646E61F52 /* MenuBuilder.swift in Sources */ = {isa = PBXBuildFile; fileRef = C0DC65D5EABF4AAD66A2EEE5 /* MenuBuilder.swift */; };
		1E4C2C53C279A2F1E82D3594 /* RecentlyBlockedMenu.swift in Sources */ = {isa = PBXBuildFile; fileRef = 47724023151A6137788C0D4E /* RecentlyBlockedMenu.swift */; };
		208911EBF1F6B4A2D6038E83 /* MenuBarController.swift in Sources */ = {isa = PBXBuildFile; fileRef = D169516B36F5A63F8DDA0A44 /* MenuBarController.swift */; };
		247B75B18E264961931925D6 /* NotificationsSettingsView.swift in Sources */ = {isa = PBXBuildFile; fileRef = DB4DF8AB1E93DDB96290B3AD /* NotificationsSettingsView.swift */; };
		2B420EDB060EE00CDC7FD152 /* BrowserTabSettingsView.swift in Sources */ = {isa = PBXBuildFile; fileRef = 273AFF6EDCDF91E06737FA6F /* BrowserTabSettingsView.swift */; };
		2D274003B08DCE0B66A48C96 /* ShortcutController.swift in Sources */ = {isa = PBXBuildFile; fileRef = E02F9A5864E11136906AE2FF /* ShortcutController.swift */; };
		32B3DB91B041007E362C5BF1 /* AuthFailureReason+Copy.swift in Sources */ = {isa = PBXBuildFile; fileRef = 137F6E8460925E2F5D571724 /* AuthFailureReason+Copy.swift */; };
		3954D278E114FB875FCEBE6C /* MainStatusBarMenu.swift in Sources */ = {isa = PBXBuildFile; fileRef = 7AEB1E24FAB6994146131D4F /* MainStatusBarMenu.swift */; };
		4BD8A9C46A99DBF6875E0B71 /* RedMenuButton.swift in Sources */ = {isa = PBXBuildFile; fileRef = BAAC70B91F4037F2332EA013 /* RedMenuButton.swift */; };
		4FCA20D74CFACF8A70C6B09D /* ConnectionStatus+Colors.swift in Sources */ = {isa = PBXBuildFile; fileRef = C151C0B11314A1587D7CF5F2 /* ConnectionStatus+Colors.swift */; };
		5D786DACA1DC14E4C8FE0B4D /* DurationsSettingsView.swift in Sources */ = {isa = PBXBuildFile; fileRef = ACD1B67CAEDFF82081470F46 /* DurationsSettingsView.swift */; };
		626A1EFF1783B93A63EFF079 /* ConnectionSheet.swift in Sources */ = {isa = PBXBuildFile; fileRef = 3E20B1A3D74D8CDCFC890687 /* ConnectionSheet.swift */; };
		676C9205968E70C0D0619C7C /* NSRunningApplication+Icon.swift in Sources */ = {isa = PBXBuildFile; fileRef = B70BAA1B61CD90763F03B992 /* NSRunningApplication+Icon.swift */; };
		6CEB0E6770122CF53F8C4025 /* UpdateManager.swift in Sources */ = {isa = PBXBuildFile; fileRef = 858324575623497A21100873 /* UpdateManager.swift */; };
		7DA5900D82219DF58FEA6D1E /* HoleberryApp.swift in Sources */ = {isa = PBXBuildFile; fileRef = 3A87D2A6D35D41214BA09A19 /* HoleberryApp.swift */; };
		93759451DE4548FB5243741B /* SoftwareUpdater.swift in Sources */ = {isa = PBXBuildFile; fileRef = 8F0BD1910C21E7C1A0AAE6EB /* SoftwareUpdater.swift */; };
		97E0F4753A5EE8C4E5E09E2B /* AppIcon.icon in Resources */ = {isa = PBXBuildFile; fileRef = 740E0351B8319723BD1DD852 /* AppIcon.icon */; };
		9993477808C3E22DA3DE016A /* ConnectionCardView.swift in Sources */ = {isa = PBXBuildFile; fileRef = 6B7EE8CF46DEF43ED07E2388 /* ConnectionCardView.swift */; };
		B8FA893A2D0FBB7B34774E2A /* UnblockEndedNotifier.swift in Sources */ = {isa = PBXBuildFile; fileRef = 34951E2A8D5E55644BA146D9 /* UnblockEndedNotifier.swift */; };
		BBD4E8FAA636A794162F8A60 /* Sparkle in Frameworks */ = {isa = PBXBuildFile; productRef = 4A7925530C12A1C1F48C21F6 /* Sparkle */; };
		BE5F58DFA3CCF2FCB181CF91 /* SettingsView.swift in Sources */ = {isa = PBXBuildFile; fileRef = D48A2E625686DBB46B548D0E /* SettingsView.swift */; };
		C02BDEB33D979927C512A11D /* MenuActions.swift in Sources */ = {isa = PBXBuildFile; fileRef = C9C5AC4DB4B8DF8726F84AF3 /* MenuActions.swift */; };
		CABB8EFDEDBEEE947F960F23 /* ConnectionListView.swift in Sources */ = {isa = PBXBuildFile; fileRef = FC4DC950A8CF67B445DB8EEF /* ConnectionListView.swift */; };
		CD040B18D5CF4518731EC852 /* UnblockCurrentTabDurationPicker.swift in Sources */ = {isa = PBXBuildFile; fileRef = 551FABC4599F4CB44319D9FD /* UnblockCurrentTabDurationPicker.swift */; };
		D8E3C678109A99C500F416AE /* KeyboardShortcuts in Frameworks */ = {isa = PBXBuildFile; productRef = F937B463F6A990098878357C /* KeyboardShortcuts */; };
		D95248B0CA506BBCA6AF342E /* Assets.xcassets in Resources */ = {isa = PBXBuildFile; fileRef = 0C039DDD8F05E05A8D434F71 /* Assets.xcassets */; };
		E1825AD709DE0478FE83D631 /* UserNotificationKind.swift in Sources */ = {isa = PBXBuildFile; fileRef = 5133ABA682E0577A2E9D0C5B /* UserNotificationKind.swift */; };
		E2DDD32077C331E692744C30 /* StatusItemButton.swift in Sources */ = {isa = PBXBuildFile; fileRef = AD85F69FAB5C5F95C69DC645 /* StatusItemButton.swift */; };
		EE740A057FF86AEE57DE71D3 /* SettingsWindowController.swift in Sources */ = {isa = PBXBuildFile; fileRef = 4ABCDA10739C949511E1D3AA /* SettingsWindowController.swift */; };
		FC35883F96C2B771D58E99B0 /* MenuItemFactory.swift in Sources */ = {isa = PBXBuildFile; fileRef = 6CD6BDF4314C6BCC6B6E0EA5 /* MenuItemFactory.swift */; };
/* End PBXBuildFile section */

/* Begin PBXFileReference section */
		0C039DDD8F05E05A8D434F71 /* Assets.xcassets */ = {isa = PBXFileReference; lastKnownFileType = folder.assetcatalog; path = Assets.xcassets; sourceTree = "<group>"; };
		137F6E8460925E2F5D571724 /* AuthFailureReason+Copy.swift */ = {isa = PBXFileReference; lastKnownFileType = sourcecode.swift; path = "AuthFailureReason+Copy.swift"; sourceTree = "<group>"; };
		273AFF6EDCDF91E06737FA6F /* BrowserTabSettingsView.swift */ = {isa = PBXFileReference; lastKnownFileType = sourcecode.swift; path = BrowserTabSettingsView.swift; sourceTree = "<group>"; };
		2A6D689F10D80D71CAF6934F /* Holeberry.entitlements */ = {isa = PBXFileReference; lastKnownFileType = text.plist.entitlements; path = Holeberry.entitlements; sourceTree = "<group>"; };
		2DE330606C4DD60836AE5E79 /* DurationPickerAlert.swift */ = {isa = PBXFileReference; lastKnownFileType = sourcecode.swift; path = DurationPickerAlert.swift; sourceTree = "<group>"; };
		34951E2A8D5E55644BA146D9 /* UnblockEndedNotifier.swift */ = {isa = PBXFileReference; lastKnownFileType = sourcecode.swift; path = UnblockEndedNotifier.swift; sourceTree = "<group>"; };
		3A87D2A6D35D41214BA09A19 /* HoleberryApp.swift */ = {isa = PBXFileReference; lastKnownFileType = sourcecode.swift; path = HoleberryApp.swift; sourceTree = "<group>"; };
		3E20B1A3D74D8CDCFC890687 /* ConnectionSheet.swift */ = {isa = PBXFileReference; lastKnownFileType = sourcecode.swift; path = ConnectionSheet.swift; sourceTree = "<group>"; };
		47724023151A6137788C0D4E /* RecentlyBlockedMenu.swift */ = {isa = PBXFileReference; lastKnownFileType = sourcecode.swift; path = RecentlyBlockedMenu.swift; sourceTree = "<group>"; };
		4ABCDA10739C949511E1D3AA /* SettingsWindowController.swift */ = {isa = PBXFileReference; lastKnownFileType = sourcecode.swift; path = SettingsWindowController.swift; sourceTree = "<group>"; };
		5133ABA682E0577A2E9D0C5B /* UserNotificationKind.swift */ = {isa = PBXFileReference; lastKnownFileType = sourcecode.swift; path = UserNotificationKind.swift; sourceTree = "<group>"; };
		551FABC4599F4CB44319D9FD /* UnblockCurrentTabDurationPicker.swift */ = {isa = PBXFileReference; lastKnownFileType = sourcecode.swift; path = UnblockCurrentTabDurationPicker.swift; sourceTree = "<group>"; };
		6B7EE8CF46DEF43ED07E2388 /* ConnectionCardView.swift */ = {isa = PBXFileReference; lastKnownFileType = sourcecode.swift; path = ConnectionCardView.swift; sourceTree = "<group>"; };
		6CD6BDF4314C6BCC6B6E0EA5 /* MenuItemFactory.swift */ = {isa = PBXFileReference; lastKnownFileType = sourcecode.swift; path = MenuItemFactory.swift; sourceTree = "<group>"; };
		740E0351B8319723BD1DD852 /* AppIcon.icon */ = {isa = PBXFileReference; lastKnownFileType = wrapper.icon; path = AppIcon.icon; sourceTree = "<group>"; };
		7AEB1E24FAB6994146131D4F /* MainStatusBarMenu.swift */ = {isa = PBXFileReference; lastKnownFileType = sourcecode.swift; path = MainStatusBarMenu.swift; sourceTree = "<group>"; };
		858324575623497A21100873 /* UpdateManager.swift */ = {isa = PBXFileReference; lastKnownFileType = sourcecode.swift; path = UpdateManager.swift; sourceTree = "<group>"; };
		8A5D9D07B8EC02852147638F /* Holeberry.app */ = {isa = PBXFileReference; explicitFileType = wrapper.application; includeInIndex = 0; path = Holeberry.app; sourceTree = BUILT_PRODUCTS_DIR; };
		8AEAE3D3AF6DF75263144C73 /* ShortcutNames.swift */ = {isa = PBXFileReference; lastKnownFileType = sourcecode.swift; path = ShortcutNames.swift; sourceTree = "<group>"; };
		8F0BD1910C21E7C1A0AAE6EB /* SoftwareUpdater.swift */ = {isa = PBXFileReference; lastKnownFileType = sourcecode.swift; path = SoftwareUpdater.swift; sourceTree = "<group>"; };
		93ACB69A774CC5CB1E5035F5 /* Info.plist */ = {isa = PBXFileReference; lastKnownFileType = text.plist; path = Info.plist; sourceTree = "<group>"; };
		A448330B12ABCB4F06CFCB5C /* HoleberryCore */ = {isa = PBXFileReference; lastKnownFileType = folder; name = HoleberryCore; path = Packages/HoleberryCore; sourceTree = SOURCE_ROOT; };
		A95D78A3AB479976D7E8CF46 /* DurationField.swift */ = {isa = PBXFileReference; lastKnownFileType = sourcecode.swift; path = DurationField.swift; sourceTree = "<group>"; };
		ACD1B67CAEDFF82081470F46 /* DurationsSettingsView.swift */ = {isa = PBXFileReference; lastKnownFileType = sourcecode.swift; path = DurationsSettingsView.swift; sourceTree = "<group>"; };
		AD85F69FAB5C5F95C69DC645 /* StatusItemButton.swift */ = {isa = PBXFileReference; lastKnownFileType = sourcecode.swift; path = StatusItemButton.swift; sourceTree = "<group>"; };
		B70BAA1B61CD90763F03B992 /* NSRunningApplication+Icon.swift */ = {isa = PBXFileReference; lastKnownFileType = sourcecode.swift; path = "NSRunningApplication+Icon.swift"; sourceTree = "<group>"; };
		BAAC70B91F4037F2332EA013 /* RedMenuButton.swift */ = {isa = PBXFileReference; lastKnownFileType = sourcecode.swift; path = RedMenuButton.swift; sourceTree = "<group>"; };
		C0DC65D5EABF4AAD66A2EEE5 /* MenuBuilder.swift */ = {isa = PBXFileReference; lastKnownFileType = sourcecode.swift; path = MenuBuilder.swift; sourceTree = "<group>"; };
		C151C0B11314A1587D7CF5F2 /* ConnectionStatus+Colors.swift */ = {isa = PBXFileReference; lastKnownFileType = sourcecode.swift; path = "ConnectionStatus+Colors.swift"; sourceTree = "<group>"; };
		C9C5AC4DB4B8DF8726F84AF3 /* MenuActions.swift */ = {isa = PBXFileReference; lastKnownFileType = sourcecode.swift; path = MenuActions.swift; sourceTree = "<group>"; };
		D169516B36F5A63F8DDA0A44 /* MenuBarController.swift */ = {isa = PBXFileReference; lastKnownFileType = sourcecode.swift; path = MenuBarController.swift; sourceTree = "<group>"; };
		D48A2E625686DBB46B548D0E /* SettingsView.swift */ = {isa = PBXFileReference; lastKnownFileType = sourcecode.swift; path = SettingsView.swift; sourceTree = "<group>"; };
		DB4DF8AB1E93DDB96290B3AD /* NotificationsSettingsView.swift */ = {isa = PBXFileReference; lastKnownFileType = sourcecode.swift; path = NotificationsSettingsView.swift; sourceTree = "<group>"; };
		E02F9A5864E11136906AE2FF /* ShortcutController.swift */ = {isa = PBXFileReference; lastKnownFileType = sourcecode.swift; path = ShortcutController.swift; sourceTree = "<group>"; };
		F090E5C51EA3578AF3CA6A93 /* NotificationCoordinator.swift */ = {isa = PBXFileReference; lastKnownFileType = sourcecode.swift; path = NotificationCoordinator.swift; sourceTree = "<group>"; };
		FC4DC950A8CF67B445DB8EEF /* ConnectionListView.swift */ = {isa = PBXFileReference; lastKnownFileType = sourcecode.swift; path = ConnectionListView.swift; sourceTree = "<group>"; };
/* End PBXFileReference section */

/* Begin PBXFrameworksBuildPhase section */
		AB87BB6AC94E755D8CAB4ADA /* Frameworks */ = {
			isa = PBXFrameworksBuildPhase;
			buildActionMask = 2147483647;
			files = (
				1CA9613D75CEDCA3D3F5EBF6 /* HoleberryCore in Frameworks */,
				D8E3C678109A99C500F416AE /* KeyboardShortcuts in Frameworks */,
				190DDC489CC23486BD2C7290 /* SymbolPicker in Frameworks */,
				BBD4E8FAA636A794162F8A60 /* Sparkle in Frameworks */,
			);
			runOnlyForDeploymentPostprocessing = 0;
		};
/* End PBXFrameworksBuildPhase section */

/* Begin PBXGroup section */
		05E28E2794738F28F909ADBD /* ConnectionViews */ = {
			isa = PBXGroup;
			children = (
				137F6E8460925E2F5D571724 /* AuthFailureReason+Copy.swift */,
				6B7EE8CF46DEF43ED07E2388 /* ConnectionCardView.swift */,
				FC4DC950A8CF67B445DB8EEF /* ConnectionListView.swift */,
				3E20B1A3D74D8CDCFC890687 /* ConnectionSheet.swift */,
				C151C0B11314A1587D7CF5F2 /* ConnectionStatus+Colors.swift */,
				BAAC70B91F4037F2332EA013 /* RedMenuButton.swift */,
			);
			path = ConnectionViews;
			sourceTree = "<group>";
		};
		16052FF148BF43B05B561212 /* App */ = {
			isa = PBXGroup;
			children = (
				3A87D2A6D35D41214BA09A19 /* HoleberryApp.swift */,
				8768D5B7186DAD77AD3634BE /* Updater */,
			);
			path = App;
			sourceTree = "<group>";
		};
		1B50BBED5512D4096E3454F4 /* Shortcuts */ = {
			isa = PBXGroup;
			children = (
				E02F9A5864E11136906AE2FF /* ShortcutController.swift */,
				8AEAE3D3AF6DF75263144C73 /* ShortcutNames.swift */,
			);
			path = Shortcuts;
			sourceTree = "<group>";
		};
		40CFFDE54F1764017E70CC4B /* Resources */ = {
			isa = PBXGroup;
			children = (
				740E0351B8319723BD1DD852 /* AppIcon.icon */,
				0C039DDD8F05E05A8D434F71 /* Assets.xcassets */,
			);
			path = Resources;
			sourceTree = "<group>";
		};
		673234159EF188F69FA949DB /* Packages */ = {
			isa = PBXGroup;
			children = (
				A448330B12ABCB4F06CFCB5C /* HoleberryCore */,
			);
			path = Packages;
			sourceTree = "<group>";
		};
		78F58E90EDC49C9FF3E31C6C /* Holeberry */ = {
			isa = PBXGroup;
			children = (
				16052FF148BF43B05B561212 /* App */,
				7A9C1FFB8A5467F2CDE63B48 /* Components */,
				7F52781CCA397B67BB88F3F7 /* MenuBar */,
				977CD55D23B21DE364A2D23C /* Notifications */,
				40CFFDE54F1764017E70CC4B /* Resources */,
				8BB69277240BEEB373A07922 /* Settings */,
				1B50BBED5512D4096E3454F4 /* Shortcuts */,
				D896E40B54EB478DDBA83EA5 /* Support */,
				7AB6AB5FEA1E7DF9D0A096C6 /* Utils */,
			);
			name = Holeberry;
			path = Sources/Holeberry;
			sourceTree = "<group>";
		};
		7A9C1FFB8A5467F2CDE63B48 /* Components */ = {
			isa = PBXGroup;
			children = (
				A95D78A3AB479976D7E8CF46 /* DurationField.swift */,
				2DE330606C4DD60836AE5E79 /* DurationPickerAlert.swift */,
			);
			path = Components;
			sourceTree = "<group>";
		};
		7AB6AB5FEA1E7DF9D0A096C6 /* Utils */ = {
			isa = PBXGroup;
			children = (
				B70BAA1B61CD90763F03B992 /* NSRunningApplication+Icon.swift */,
			);
			path = Utils;
			sourceTree = "<group>";
		};
		7F52781CCA397B67BB88F3F7 /* MenuBar */ = {
			isa = PBXGroup;
			children = (
				7AEB1E24FAB6994146131D4F /* MainStatusBarMenu.swift */,
				C9C5AC4DB4B8DF8726F84AF3 /* MenuActions.swift */,
				D169516B36F5A63F8DDA0A44 /* MenuBarController.swift */,
				C0DC65D5EABF4AAD66A2EEE5 /* MenuBuilder.swift */,
				6CD6BDF4314C6BCC6B6E0EA5 /* MenuItemFactory.swift */,
				47724023151A6137788C0D4E /* RecentlyBlockedMenu.swift */,
				AD85F69FAB5C5F95C69DC645 /* StatusItemButton.swift */,
			);
			path = MenuBar;
			sourceTree = "<group>";
		};
		8768D5B7186DAD77AD3634BE /* Updater */ = {
			isa = PBXGroup;
			children = (
				8F0BD1910C21E7C1A0AAE6EB /* SoftwareUpdater.swift */,
				858324575623497A21100873 /* UpdateManager.swift */,
			);
			path = Updater;
			sourceTree = "<group>";
		};
		8BB69277240BEEB373A07922 /* Settings */ = {
			isa = PBXGroup;
			children = (
				273AFF6EDCDF91E06737FA6F /* BrowserTabSettingsView.swift */,
				ACD1B67CAEDFF82081470F46 /* DurationsSettingsView.swift */,
				DB4DF8AB1E93DDB96290B3AD /* NotificationsSettingsView.swift */,
				D48A2E625686DBB46B548D0E /* SettingsView.swift */,
				4ABCDA10739C949511E1D3AA /* SettingsWindowController.swift */,
				551FABC4599F4CB44319D9FD /* UnblockCurrentTabDurationPicker.swift */,
				05E28E2794738F28F909ADBD /* ConnectionViews */,
			);
			path = Settings;
			sourceTree = "<group>";
		};
		977CD55D23B21DE364A2D23C /* Notifications */ = {
			isa = PBXGroup;
			children = (
				F090E5C51EA3578AF3CA6A93 /* NotificationCoordinator.swift */,
				34951E2A8D5E55644BA146D9 /* UnblockEndedNotifier.swift */,
				5133ABA682E0577A2E9D0C5B /* UserNotificationKind.swift */,
			);
			path = Notifications;
			sourceTree = "<group>";
		};
		B9B65F76EBEBC8A5C75A1641 = {
			isa = PBXGroup;
			children = (
				78F58E90EDC49C9FF3E31C6C /* Holeberry */,
				673234159EF188F69FA949DB /* Packages */,
				DB7783B91E0F747BBB9AB1F9 /* Products */,
			);
			sourceTree = "<group>";
		};
		D896E40B54EB478DDBA83EA5 /* Support */ = {
			isa = PBXGroup;
			children = (
				2A6D689F10D80D71CAF6934F /* Holeberry.entitlements */,
				93ACB69A774CC5CB1E5035F5 /* Info.plist */,
			);
			path = Support;
			sourceTree = "<group>";
		};
		DB7783B91E0F747BBB9AB1F9 /* Products */ = {
			isa = PBXGroup;
			children = (
				8A5D9D07B8EC02852147638F /* Holeberry.app */,
			);
			name = Products;
			sourceTree = "<group>";
		};
/* End PBXGroup section */

/* Begin PBXNativeTarget section */
		84B5E82FE32C304FB3B13672 /* Holeberry */ = {
			isa = PBXNativeTarget;
			buildConfigurationList = 97725504FDB0A8BF5E2804E4 /* Build configuration list for PBXNativeTarget "Holeberry" */;
			buildPhases = (
				D993B67186E5BA3E31788379 /* Run SwiftLint */,
				FFD18C08A44E1DA0F04E493E /* Run swift-format lint */,
				5CB3C8460B3AEF8A4CC34405 /* Sources */,
				6B712A805367450E10F6C9A2 /* Resources */,
				AB87BB6AC94E755D8CAB4ADA /* Frameworks */,
			);
			buildRules = (
			);
			dependencies = (
			);
			name = Holeberry;
			packageProductDependencies = (
				5655861CCA489CC3B0BBB29F /* HoleberryCore */,
				F937B463F6A990098878357C /* KeyboardShortcuts */,
				B0E62A40CEFA9876FE31890F /* SymbolPicker */,
				4A7925530C12A1C1F48C21F6 /* Sparkle */,
			);
			productName = Holeberry;
			productReference = 8A5D9D07B8EC02852147638F /* Holeberry.app */;
			productType = "com.apple.product-type.application";
		};
/* End PBXNativeTarget section */

/* Begin PBXProject section */
		3FAFEF6F12FCE5E0D94872C3 /* Project object */ = {
			isa = PBXProject;
			attributes = {
				BuildIndependentTargetsInParallel = YES;
				LastUpgradeCheck = 1600;
				TargetAttributes = {
					84B5E82FE32C304FB3B13672 = {
						DevelopmentTeam = 5UN5GTF749;
						ProvisioningStyle = Automatic;
					};
				};
			};
			buildConfigurationList = A3CECFC05804D0E3AE6B88AF /* Build configuration list for PBXProject "Holeberry" */;
			developmentRegion = en;
			hasScannedForEncodings = 0;
			knownRegions = (
				Base,
				en,
			);
			mainGroup = B9B65F76EBEBC8A5C75A1641;
			minimizedProjectReferenceProxies = 1;
			packageReferences = (
				D1CAE943163400BB0FC3209E /* XCRemoteSwiftPackageReference "KeyboardShortcuts" */,
				6CA834CB68D3626489BC1792 /* XCRemoteSwiftPackageReference "Sparkle" */,
				7F2B9C0AA668218507868FBC /* XCRemoteSwiftPackageReference "SymbolPicker" */,
				376AEEC20E87645F7ABDA8CD /* XCLocalSwiftPackageReference "Packages/HoleberryCore" */,
			);
			preferredProjectObjectVersion = 77;
			productRefGroup = DB7783B91E0F747BBB9AB1F9 /* Products */;
			projectDirPath = "";
			projectRoot = "";
			targets = (
				84B5E82FE32C304FB3B13672 /* Holeberry */,
			);
		};
/* End PBXProject section */

/* Begin PBXResourcesBuildPhase section */
		6B712A805367450E10F6C9A2 /* Resources */ = {
			isa = PBXResourcesBuildPhase;
			buildActionMask = 2147483647;
			files = (
				97E0F4753A5EE8C4E5E09E2B /* AppIcon.icon in Resources */,
				D95248B0CA506BBCA6AF342E /* Assets.xcassets in Resources */,
			);
			runOnlyForDeploymentPostprocessing = 0;
		};
/* End PBXResourcesBuildPhase section */

/* Begin PBXShellScriptBuildPhase section */
		D993B67186E5BA3E31788379 /* Run SwiftLint */ = {
			isa = PBXShellScriptBuildPhase;
			alwaysOutOfDate = 1;
			buildActionMask = 2147483647;
			files = (
			);
			inputFileListPaths = (
			);
			inputPaths = (
			);
			name = "Run SwiftLint";
			outputFileListPaths = (
			);
			outputPaths = (
			);
			runOnlyForDeploymentPostprocessing = 0;
			shellPath = /bin/sh;
			shellScript = "export PATH=\"$PATH:/opt/homebrew/bin\"\nif which swiftlint > /dev/null; then\n  swiftlint --strict Sources/ Packages/HoleberryCore/Sources/\nelse\n  echo \"warning: SwiftLint not installed, download from https://github.com/realm/SwiftLint\"\nfi\n";
		};
		FFD18C08A44E1DA0F04E493E /* Run swift-format lint */ = {
			isa = PBXShellScriptBuildPhase;
			alwaysOutOfDate = 1;
			buildActionMask = 2147483647;
			files = (
			);
			inputFileListPaths = (
			);
			inputPaths = (
			);
			name = "Run swift-format lint";
			outputFileListPaths = (
			);
			outputPaths = (
			);
			runOnlyForDeploymentPostprocessing = 0;
			shellPath = /bin/sh;
			shellScript = "FORMAT_BIN=$(xcrun --find swift-format 2>/dev/null)\nif [ -n \"$FORMAT_BIN\" ]; then\n  \"$FORMAT_BIN\" lint --recursive --strict Sources/ Packages/HoleberryCore/Sources/\n  # Use relaxed rules for test files\n  \"$FORMAT_BIN\" lint --recursive --strict --configuration Packages/HoleberryCore/.swift-format Packages/HoleberryCore/Tests/\nelse\n  echo \"warning: swift-format not found in Xcode toolchain\"\nfi\n";
		};
/* End PBXShellScriptBuildPhase section */

/* Begin PBXSourcesBuildPhase section */
		5CB3C8460B3AEF8A4CC34405 /* Sources */ = {
			isa = PBXSourcesBuildPhase;
			buildActionMask = 2147483647;
			files = (
				32B3DB91B041007E362C5BF1 /* AuthFailureReason+Copy.swift in Sources */,
				2B420EDB060EE00CDC7FD152 /* BrowserTabSettingsView.swift in Sources */,
				9993477808C3E22DA3DE016A /* ConnectionCardView.swift in Sources */,
				CABB8EFDEDBEEE947F960F23 /* ConnectionListView.swift in Sources */,
				626A1EFF1783B93A63EFF079 /* ConnectionSheet.swift in Sources */,
				4FCA20D74CFACF8A70C6B09D /* ConnectionStatus+Colors.swift in Sources */,
				11C4A4764BB4E912153238E2 /* DurationField.swift in Sources */,
				1572CFD17AD9010FCE872313 /* DurationPickerAlert.swift in Sources */,
				5D786DACA1DC14E4C8FE0B4D /* DurationsSettingsView.swift in Sources */,
				7DA5900D82219DF58FEA6D1E /* HoleberryApp.swift in Sources */,
				3954D278E114FB875FCEBE6C /* MainStatusBarMenu.swift in Sources */,
				C02BDEB33D979927C512A11D /* MenuActions.swift in Sources */,
				208911EBF1F6B4A2D6038E83 /* MenuBarController.swift in Sources */,
				1D695BDB1606AEB646E61F52 /* MenuBuilder.swift in Sources */,
				FC35883F96C2B771D58E99B0 /* MenuItemFactory.swift in Sources */,
				676C9205968E70C0D0619C7C /* NSRunningApplication+Icon.swift in Sources */,
				011C13B859278B5DB78C9BE9 /* NotificationCoordinator.swift in Sources */,
				247B75B18E264961931925D6 /* NotificationsSettingsView.swift in Sources */,
				1E4C2C53C279A2F1E82D3594 /* RecentlyBlockedMenu.swift in Sources */,
				4BD8A9C46A99DBF6875E0B71 /* RedMenuButton.swift in Sources */,
				BE5F58DFA3CCF2FCB181CF91 /* SettingsView.swift in Sources */,
				EE740A057FF86AEE57DE71D3 /* SettingsWindowController.swift in Sources */,
				2D274003B08DCE0B66A48C96 /* ShortcutController.swift in Sources */,
				038FEAFB14DC67AFACF9724F /* ShortcutNames.swift in Sources */,
				93759451DE4548FB5243741B /* SoftwareUpdater.swift in Sources */,
				E2DDD32077C331E692744C30 /* StatusItemButton.swift in Sources */,
				CD040B18D5CF4518731EC852 /* UnblockCurrentTabDurationPicker.swift in Sources */,
				B8FA893A2D0FBB7B34774E2A /* UnblockEndedNotifier.swift in Sources */,
				6CEB0E6770122CF53F8C4025 /* UpdateManager.swift in Sources */,
				E1825AD709DE0478FE83D631 /* UserNotificationKind.swift in Sources */,
			);
			runOnlyForDeploymentPostprocessing = 0;
		};
/* End PBXSourcesBuildPhase section */

/* Begin XCBuildConfiguration section */
		2E9BEF13A2AF2CE7E79B5D42 /* Debug */ = {
			isa = XCBuildConfiguration;
			buildSettings = {
				ALWAYS_SEARCH_USER_PATHS = NO;
				CLANG_ANALYZER_NONNULL = YES;
				CLANG_ANALYZER_NUMBER_OBJECT_CONVERSION = YES_AGGRESSIVE;
				CLANG_CXX_LANGUAGE_STANDARD = "gnu++14";
				CLANG_CXX_LIBRARY = "libc++";
				CLANG_ENABLE_MODULES = YES;
				CLANG_ENABLE_OBJC_ARC = YES;
				CLANG_ENABLE_OBJC_WEAK = YES;
				CLANG_WARN_BLOCK_CAPTURE_AUTORELEASING = YES;
				CLANG_WARN_BOOL_CONVERSION = YES;
				CLANG_WARN_COMMA = YES;
				CLANG_WARN_CONSTANT_CONVERSION = YES;
				CLANG_WARN_DEPRECATED_OBJC_IMPLEMENTATIONS = YES;
				CLANG_WARN_DIRECT_OBJC_ISA_USAGE = YES_ERROR;
				CLANG_WARN_DOCUMENTATION_COMMENTS = YES;
				CLANG_WARN_EMPTY_BODY = YES;
				CLANG_WARN_ENUM_CONVERSION = YES;
				CLANG_WARN_INFINITE_RECURSION = YES;
				CLANG_WARN_INT_CONVERSION = YES;
				CLANG_WARN_NON_LITERAL_NULL_CONVERSION = YES;
				CLANG_WARN_OBJC_IMPLICIT_RETAIN_SELF = YES;
				CLANG_WARN_OBJC_LITERAL_CONVERSION = YES;
				CLANG_WARN_OBJC_ROOT_CLASS = YES_ERROR;
				CLANG_WARN_QUOTED_INCLUDE_IN_FRAMEWORK_HEADER = YES;
				CLANG_WARN_RANGE_LOOP_ANALYSIS = YES;
				CLANG_WARN_STRICT_PROTOTYPES = YES;
				CLANG_WARN_SUSPICIOUS_MOVE = YES;
				CLANG_WARN_UNGUARDED_AVAILABILITY = YES_AGGRESSIVE;
				CLANG_WARN_UNREACHABLE_CODE = YES;
				CLANG_WARN__DUPLICATE_METHOD_MATCH = YES;
				"CODE_SIGN_IDENTITY[sdk=macosx*]" = "Apple Development";
				COPY_PHASE_STRIP = NO;
				DEBUG_INFORMATION_FORMAT = dwarf;
				DEVELOPMENT_TEAM = 5UN5GTF749;
				ENABLE_STRICT_OBJC_MSGSEND = YES;
				ENABLE_TESTABILITY = YES;
				GCC_C_LANGUAGE_STANDARD = gnu11;
				GCC_DYNAMIC_NO_PIC = NO;
				GCC_NO_COMMON_BLOCKS = YES;
				GCC_OPTIMIZATION_LEVEL = 0;
				GCC_PREPROCESSOR_DEFINITIONS = (
					"$(inherited)",
					"DEBUG=1",
				);
				GCC_WARN_64_TO_32_BIT_CONVERSION = YES;
				GCC_WARN_ABOUT_RETURN_TYPE = YES_ERROR;
				GCC_WARN_UNDECLARED_SELECTOR = YES;
				GCC_WARN_UNINITIALIZED_AUTOS = YES_AGGRESSIVE;
				GCC_WARN_UNUSED_FUNCTION = YES;
				GCC_WARN_UNUSED_VARIABLE = YES;
				MACOSX_DEPLOYMENT_TARGET = 14.0;
				MTL_ENABLE_DEBUG_INFO = INCLUDE_SOURCE;
				MTL_FAST_MATH = YES;
				ONLY_ACTIVE_ARCH = YES;
				PRODUCT_NAME = "$(TARGET_NAME)";
				SDKROOT = macosx;
				SWIFT_ACTIVE_COMPILATION_CONDITIONS = DEBUG;
				SWIFT_OPTIMIZATION_LEVEL = "-Onone";
				SWIFT_VERSION = 6.0;
			};
			name = Debug;
		};
		998DCFAA0AD0C3BF8CC953EF /* Release */ = {
			isa = XCBuildConfiguration;
			buildSettings = {
				ASSETCATALOG_COMPILER_APPICON_NAME = AppIcon;
				ASSETCATALOG_COMPILER_INCLUDE_ALL_APPICON_ASSETS = YES;
				CODE_SIGN_ENTITLEMENTS = Sources/Holeberry/Support/Holeberry.entitlements;
				CODE_SIGN_STYLE = Automatic;
				COMBINE_HIDPI_IMAGES = YES;
				INFOPLIST_FILE = Sources/Holeberry/Support/Info.plist;
				LD_RUNPATH_SEARCH_PATHS = (
					"$(inherited)",
					"@executable_path/../Frameworks",
				);
				PRODUCT_BUNDLE_IDENTIFIER = me.pedrovieira.holeberry;
				SDKROOT = macosx;
				SWIFT_UPCOMING_FEATURE_EXISTENTIAL_ANY = YES;
			};
			name = Release;
		};
		AE86D3773ED3D233C5D83E5C /* Release */ = {
			isa = XCBuildConfiguration;
			buildSettings = {
				ALWAYS_SEARCH_USER_PATHS = NO;
				CLANG_ANALYZER_NONNULL = YES;
				CLANG_ANALYZER_NUMBER_OBJECT_CONVERSION = YES_AGGRESSIVE;
				CLANG_CXX_LANGUAGE_STANDARD = "gnu++14";
				CLANG_CXX_LIBRARY = "libc++";
				CLANG_ENABLE_MODULES = YES;
				CLANG_ENABLE_OBJC_ARC = YES;
				CLANG_ENABLE_OBJC_WEAK = YES;
				CLANG_WARN_BLOCK_CAPTURE_AUTORELEASING = YES;
				CLANG_WARN_BOOL_CONVERSION = YES;
				CLANG_WARN_COMMA = YES;
				CLANG_WARN_CONSTANT_CONVERSION = YES;
				CLANG_WARN_DEPRECATED_OBJC_IMPLEMENTATIONS = YES;
				CLANG_WARN_DIRECT_OBJC_ISA_USAGE = YES_ERROR;
				CLANG_WARN_DOCUMENTATION_COMMENTS = YES;
				CLANG_WARN_EMPTY_BODY = YES;
				CLANG_WARN_ENUM_CONVERSION = YES;
				CLANG_WARN_INFINITE_RECURSION = YES;
				CLANG_WARN_INT_CONVERSION = YES;
				CLANG_WARN_NON_LITERAL_NULL_CONVERSION = YES;
				CLANG_WARN_OBJC_IMPLICIT_RETAIN_SELF = YES;
				CLANG_WARN_OBJC_LITERAL_CONVERSION = YES;
				CLANG_WARN_OBJC_ROOT_CLASS = YES_ERROR;
				CLANG_WARN_QUOTED_INCLUDE_IN_FRAMEWORK_HEADER = YES;
				CLANG_WARN_RANGE_LOOP_ANALYSIS = YES;
				CLANG_WARN_STRICT_PROTOTYPES = YES;
				CLANG_WARN_SUSPICIOUS_MOVE = YES;
				CLANG_WARN_UNGUARDED_AVAILABILITY = YES_AGGRESSIVE;
				CLANG_WARN_UNREACHABLE_CODE = YES;
				CLANG_WARN__DUPLICATE_METHOD_MATCH = YES;
				"CODE_SIGN_IDENTITY[sdk=macosx*]" = "Apple Development";
				COPY_PHASE_STRIP = NO;
				DEBUG_INFORMATION_FORMAT = "dwarf-with-dsym";
				DEVELOPMENT_TEAM = 5UN5GTF749;
				ENABLE_NS_ASSERTIONS = NO;
				ENABLE_STRICT_OBJC_MSGSEND = YES;
				GCC_C_LANGUAGE_STANDARD = gnu11;
				GCC_NO_COMMON_BLOCKS = YES;
				GCC_WARN_64_TO_32_BIT_CONVERSION = YES;
				GCC_WARN_ABOUT_RETURN_TYPE = YES_ERROR;
				GCC_WARN_UNDECLARED_SELECTOR = YES;
				GCC_WARN_UNINITIALIZED_AUTOS = YES_AGGRESSIVE;
				GCC_WARN_UNUSED_FUNCTION = YES;
				GCC_WARN_UNUSED_VARIABLE = YES;
				MACOSX_DEPLOYMENT_TARGET = 14.0;
				MTL_ENABLE_DEBUG_INFO = NO;
				MTL_FAST_MATH = YES;
				PRODUCT_NAME = "$(TARGET_NAME)";
				SDKROOT = macosx;
				SWIFT_COMPILATION_MODE = wholemodule;
				SWIFT_OPTIMIZATION_LEVEL = "-O";
				SWIFT_VERSION = 6.0;
			};
			name = Release;
		};
		B50BCA2BD85D45198AFA2DAC /* Debug */ = {
			isa = XCBuildConfiguration;
			buildSettings = {
				ASSETCATALOG_COMPILER_APPICON_NAME = AppIcon;
				ASSETCATALOG_COMPILER_INCLUDE_ALL_APPICON_ASSETS = YES;
				CODE_SIGN_ENTITLEMENTS = Sources/Holeberry/Support/Holeberry.entitlements;
				CODE_SIGN_STYLE = Automatic;
				COMBINE_HIDPI_IMAGES = YES;
				INFOPLIST_FILE = Sources/Holeberry/Support/Info.plist;
				LD_RUNPATH_SEARCH_PATHS = (
					"$(inherited)",
					"@executable_path/../Frameworks",
				);
				PRODUCT_BUNDLE_IDENTIFIER = me.pedrovieira.holeberry;
				SDKROOT = macosx;
				SWIFT_UPCOMING_FEATURE_EXISTENTIAL_ANY = YES;
			};
			name = Debug;
		};
/* End XCBuildConfiguration section */

/* Begin XCConfigurationList section */
		97725504FDB0A8BF5E2804E4 /* Build configuration list for PBXNativeTarget "Holeberry" */ = {
			isa = XCConfigurationList;
			buildConfigurations = (
				B50BCA2BD85D45198AFA2DAC /* Debug */,
				998DCFAA0AD0C3BF8CC953EF /* Release */,
			);
			defaultConfigurationIsVisible = 0;
			defaultConfigurationName = Debug;
		};
		A3CECFC05804D0E3AE6B88AF /* Build configuration list for PBXProject "Holeberry" */ = {
			isa = XCConfigurationList;
			buildConfigurations = (
				2E9BEF13A2AF2CE7E79B5D42 /* Debug */,
				AE86D3773ED3D233C5D83E5C /* Release */,
			);
			defaultConfigurationIsVisible = 0;
			defaultConfigurationName = Debug;
		};
/* End XCConfigurationList section */

/* Begin XCLocalSwiftPackageReference section */
		376AEEC20E87645F7ABDA8CD /* XCLocalSwiftPackageReference "Packages/HoleberryCore" */ = {
			isa = XCLocalSwiftPackageReference;
			relativePath = Packages/HoleberryCore;
		};
/* End XCLocalSwiftPackageReference section */

/* Begin XCRemoteSwiftPackageReference section */
		6CA834CB68D3626489BC1792 /* XCRemoteSwiftPackageReference "Sparkle" */ = {
			isa = XCRemoteSwiftPackageReference;
			repositoryURL = "https://github.com/sparkle-project/Sparkle";
			requirement = {
				kind = upToNextMajorVersion;
				minimumVersion = 2.6.0;
			};
		};
		7F2B9C0AA668218507868FBC /* XCRemoteSwiftPackageReference "SymbolPicker" */ = {
			isa = XCRemoteSwiftPackageReference;
			repositoryURL = "https://github.com/SzpakKamil/SymbolPicker";
			requirement = {
				kind = upToNextMajorVersion;
				minimumVersion = 1.0.0;
			};
		};
		D1CAE943163400BB0FC3209E /* XCRemoteSwiftPackageReference "KeyboardShortcuts" */ = {
			isa = XCRemoteSwiftPackageReference;
			repositoryURL = "https://github.com/sindresorhus/KeyboardShortcuts";
			requirement = {
				kind = upToNextMajorVersion;
				minimumVersion = 2.4.0;
			};
		};
/* End XCRemoteSwiftPackageReference section */

/* Begin XCSwiftPackageProductDependency section */
		4A7925530C12A1C1F48C21F6 /* Sparkle */ = {
			isa = XCSwiftPackageProductDependency;
			package = 6CA834CB68D3626489BC1792 /* XCRemoteSwiftPackageReference "Sparkle" */;
			productName = Sparkle;
		};
		5655861CCA489CC3B0BBB29F /* HoleberryCore */ = {
			isa = XCSwiftPackageProductDependency;
			productName = HoleberryCore;
		};
		B0E62A40CEFA9876FE31890F /* SymbolPicker */ = {
			isa = XCSwiftPackageProductDependency;
			package = 7F2B9C0AA668218507868FBC /* XCRemoteSwiftPackageReference "SymbolPicker" */;
			productName = SymbolPicker;
		};
		F937B463F6A990098878357C /* KeyboardShortcuts */ = {
			isa = XCSwiftPackageProductDependency;
			package = D1CAE943163400BB0FC3209E /* XCRemoteSwiftPackageReference "KeyboardShortcuts" */;
			productName = KeyboardShortcuts;
		};
/* End XCSwiftPackageProductDependency section */
	};
	rootObject = 3FAFEF6F12FCE5E0D94872C3 /* Project object */;
}
