// !$*UTF8*$!
{
	archiveVersion = 1;
	classes = {
	};
	objectVersion = 77;
	objects = {

/* Begin PBXBuildFile section */
		190DDC489CC23486BD2C7290 /* SymbolPicker in Frameworks */ = {isa = PBXBuildFile; productRef = B0E62A40CEFA9876FE31890F /* SymbolPicker */; };
		1CA9613D75CEDCA3D3F5EBF6 /* HoleberryCore in Frameworks */ = {isa = PBXBuildFile; productRef = 5655861CCA489CC3B0BBB29F /* HoleberryCore */; };
		3230D6021E41949B01AF5247 /* StatusItemButton.swift in Sources */ = {isa = PBXBuildFile; fileRef = 48CD81D74316B99B21AB96E2 /* StatusItemButton.swift */; };
		36357A5F6339E0CDECE388F0 /* ShortcutNames.swift in Sources */ = {isa = PBXBuildFile; fileRef = 2BE0C8995AFF37E857F057B0 /* ShortcutNames.swift */; };
		43A7C259B9833484EA3728A0 /* SoftwareUpdater.swift in Sources */ = {isa = PBXBuildFile; fileRef = C47987F52F2D6124503B041A /* SoftwareUpdater.swift */; };
		4BD8A9C46A99DBF6875E0B71 /* RedMenuButton.swift in Sources */ = {isa = PBXBuildFile; fileRef = BAAC70B91F4037F2332EA013 /* RedMenuButton.swift */; };
		5D786DACA1DC14E4C8FE0B4D /* DurationsSettingsView.swift in Sources */ = {isa = PBXBuildFile; fileRef = ACD1B67CAEDFF82081470F46 /* DurationsSettingsView.swift */; };
		626A1EFF1783B93A63EFF079 /* ConnectionSheet.swift in Sources */ = {isa = PBXBuildFile; fileRef = 3E20B1A3D74D8CDCFC890687 /* ConnectionSheet.swift */; };
		63DF3275E31EAD0B223E7F24 /* ShortcutController.swift in Sources */ = {isa = PBXBuildFile; fileRef = FA59B4AFC88CEF8A1724B7CD /* ShortcutController.swift */; };
		676C9205968E70C0D0619C7C /* NSRunningApplication+Icon.swift in Sources */ = {isa = PBXBuildFile; fileRef = B70BAA1B61CD90763F03B992 /* NSRunningApplication+Icon.swift */; };
		681AA60A9BF64FF09E7D4A6F /* ConnectionStatus+Colors.swift in Sources */ = {isa = PBXBuildFile; fileRef = 72110EDCFCF99F1760D0CB89 /* ConnectionStatus+Colors.swift */; };
		727E3ABAD8B275F981C811C6 /* UpdateManager.swift in Sources */ = {isa = PBXBuildFile; fileRef = B0091C471D90246392D8A264 /* UpdateManager.swift */; };
		7B9757D8CBD6AE3D784E42C4 /* DurationPickerAlert.swift in Sources */ = {isa = PBXBuildFile; fileRef = 01CA02FBB83C18A92E629DBC /* DurationPickerAlert.swift */; };
		7DA5900D82219DF58FEA6D1E /* HoleberryApp.swift in Sources */ = {isa = PBXBuildFile; fileRef = 3A87D2A6D35D41214BA09A19 /* HoleberryApp.swift */; };
		97E0F4753A5EE8C4E5E09E2B /* AppIcon.icon in Resources */ = {isa = PBXBuildFile; fileRef = 740E0351B8319723BD1DD852 /* AppIcon.icon */; };
		9993477808C3E22DA3DE016A /* ConnectionCardView.swift in Sources */ = {isa = PBXBuildFile; fileRef = 6B7EE8CF46DEF43ED07E2388 /* ConnectionCardView.swift */; };
		9BFC7720A8727E8050C27E07 /* MenuBuilder.swift in Sources */ = {isa = PBXBuildFile; fileRef = 1D57315C4CB1DD49992D6933 /* MenuBuilder.swift */; };
		A056503432246A8DC2A9BE18 /* RecentlyBlockedMenu.swift in Sources */ = {isa = PBXBuildFile; fileRef = 06070B2F6062558A7C886BA9 /* RecentlyBlockedMenu.swift */; };
		AFFF0487FAF7AF96E6D3C41A /* MainStatusBarMenu.swift in Sources */ = {isa = PBXBuildFile; fileRef = D7B0510F82B4477AFBA5C296 /* MainStatusBarMenu.swift */; };
		BBD4E8FAA636A794162F8A60 /* Sparkle in Frameworks */ = {isa = PBXBuildFile; productRef = 4A7925530C12A1C1F48C21F6 /* Sparkle */; };
		BE5F58DFA3CCF2FCB181CF91 /* SettingsView.swift in Sources */ = {isa = PBXBuildFile; fileRef = D48A2E625686DBB46B548D0E /* SettingsView.swift */; };
		CABB8EFDEDBEEE947F960F23 /* ConnectionListView.swift in Sources */ = {isa = PBXBuildFile; fileRef = FC4DC950A8CF67B445DB8EEF /* ConnectionListView.swift */; };
		D7EA6ED438B90006B76E4471 /* MenuActions.swift in Sources */ = {isa = PBXBuildFile; fileRef = 85BD5C9D1E8AA2311420E550 /* MenuActions.swift */; };
		D8E3C678109A99C500F416AE /* KeyboardShortcuts in Frameworks */ = {isa = PBXBuildFile; productRef = F937B463F6A990098878357C /* KeyboardShortcuts */; };
		D95248B0CA506BBCA6AF342E /* Assets.xcassets in Resources */ = {isa = PBXBuildFile; fileRef = 0C039DDD8F05E05A8D434F71 /* Assets.xcassets */; };
		E1CF909E4F782467C9844BDA /* MenuBarController.swift in Sources */ = {isa = PBXBuildFile; fileRef = 3ED6EC3FBFFD74F33D2827AC /* MenuBarController.swift */; };
		EDEEFD250744C2FFE323C513 /* DurationField.swift in Sources */ = {isa = PBXBuildFile; fileRef = D846C1B254E9C3A61C56DB49 /* DurationField.swift */; };
		EE740A057FF86AEE57DE71D3 /* SettingsWindowController.swift in Sources */ = {isa = PBXBuildFile; fileRef = 4ABCDA10739C949511E1D3AA /* SettingsWindowController.swift */; };
		EF377E2EC98FAC668E74B590 /* MenuItemFactory.swift in Sources */ = {isa = PBXBuildFile; fileRef = CC23106EDFED2519504E3E89 /* MenuItemFactory.swift */; };
/* End PBXBuildFile section */

/* Begin PBXFileReference section */
		01CA02FBB83C18A92E629DBC /* DurationPickerAlert.swift */ = {isa = PBXFileReference; lastKnownFileType = sourcecode.swift; path = DurationPickerAlert.swift; sourceTree = "<group>"; };
		06070B2F6062558A7C886BA9 /* RecentlyBlockedMenu.swift */ = {isa = PBXFileReference; lastKnownFileType = sourcecode.swift; path = RecentlyBlockedMenu.swift; sourceTree = "<group>"; };
		0C039DDD8F05E05A8D434F71 /* Assets.xcassets */ = {isa = PBXFileReference; lastKnownFileType = folder.assetcatalog; path = Assets.xcassets; sourceTree = "<group>"; };
		1711F877CC4CB0A92C25A1CC /* Holeberry.entitlements */ = {isa = PBXFileReference; lastKnownFileType = text.plist.entitlements; path = Holeberry.entitlements; sourceTree = "<group>"; };
		1D57315C4CB1DD49992D6933 /* MenuBuilder.swift */ = {isa = PBXFileReference; lastKnownFileType = sourcecode.swift; path = MenuBuilder.swift; sourceTree = "<group>"; };
		2BE0C8995AFF37E857F057B0 /* ShortcutNames.swift */ = {isa = PBXFileReference; lastKnownFileType = sourcecode.swift; path = ShortcutNames.swift; sourceTree = "<group>"; };
		3A87D2A6D35D41214BA09A19 /* HoleberryApp.swift */ = {isa = PBXFileReference; lastKnownFileType = sourcecode.swift; path = HoleberryApp.swift; sourceTree = "<group>"; };
		3E20B1A3D74D8CDCFC890687 /* ConnectionSheet.swift */ = {isa = PBXFileReference; lastKnownFileType = sourcecode.swift; path = ConnectionSheet.swift; sourceTree = "<group>"; };
		3ED6EC3FBFFD74F33D2827AC /* MenuBarController.swift */ = {isa = PBXFileReference; lastKnownFileType = sourcecode.swift; path = MenuBarController.swift; sourceTree = "<group>"; };
		48CD81D74316B99B21AB96E2 /* StatusItemButton.swift */ = {isa = PBXFileReference; lastKnownFileType = sourcecode.swift; path = StatusItemButton.swift; sourceTree = "<group>"; };
		4ABCDA10739C949511E1D3AA /* SettingsWindowController.swift */ = {isa = PBXFileReference; lastKnownFileType = sourcecode.swift; path = SettingsWindowController.swift; sourceTree = "<group>"; };
		6B7EE8CF46DEF43ED07E2388 /* ConnectionCardView.swift */ = {isa = PBXFileReference; lastKnownFileType = sourcecode.swift; path = ConnectionCardView.swift; sourceTree = "<group>"; };
		72110EDCFCF99F1760D0CB89 /* ConnectionStatus+Colors.swift */ = {isa = PBXFileReference; lastKnownFileType = sourcecode.swift; path = "ConnectionStatus+Colors.swift"; sourceTree = "<group>"; };
		740E0351B8319723BD1DD852 /* AppIcon.icon */ = {isa = PBXFileReference; lastKnownFileType = wrapper.icon; path = AppIcon.icon; sourceTree = "<group>"; };
		85BD5C9D1E8AA2311420E550 /* MenuActions.swift */ = {isa = PBXFileReference; lastKnownFileType = sourcecode.swift; path = MenuActions.swift; sourceTree = "<group>"; };
		8A5D9D07B8EC02852147638F /* Holeberry.app */ = {isa = PBXFileReference; explicitFileType = wrapper.application; includeInIndex = 0; path = Holeberry.app; sourceTree = BUILT_PRODUCTS_DIR; };
		A448330B12ABCB4F06CFCB5C /* HoleberryCore */ = {isa = PBXFileReference; lastKnownFileType = folder; name = HoleberryCore; path = Packages/HoleberryCore; sourceTree = SOURCE_ROOT; };
		ACD1B67CAEDFF82081470F46 /* DurationsSettingsView.swift */ = {isa = PBXFileReference; lastKnownFileType = sourcecode.swift; path = DurationsSettingsView.swift; sourceTree = "<group>"; };
		B0091C471D90246392D8A264 /* UpdateManager.swift */ = {isa = PBXFileReference; lastKnownFileType = sourcecode.swift; path = UpdateManager.swift; sourceTree = "<group>"; };
		B70BAA1B61CD90763F03B992 /* NSRunningApplication+Icon.swift */ = {isa = PBXFileReference; lastKnownFileType = sourcecode.swift; path = "NSRunningApplication+Icon.swift"; sourceTree = "<group>"; };
		BAAC70B91F4037F2332EA013 /* RedMenuButton.swift */ = {isa = PBXFileReference; lastKnownFileType = sourcecode.swift; path = RedMenuButton.swift; sourceTree = "<group>"; };
		C47987F52F2D6124503B041A /* SoftwareUpdater.swift */ = {isa = PBXFileReference; lastKnownFileType = sourcecode.swift; path = SoftwareUpdater.swift; sourceTree = "<group>"; };
		CC23106EDFED2519504E3E89 /* MenuItemFactory.swift */ = {isa = PBXFileReference; lastKnownFileType = sourcecode.swift; path = MenuItemFactory.swift; sourceTree = "<group>"; };
		D48A2E625686DBB46B548D0E /* SettingsView.swift */ = {isa = PBXFileReference; lastKnownFileType = sourcecode.swift; path = SettingsView.swift; sourceTree = "<group>"; };
		D7B0510F82B4477AFBA5C296 /* MainStatusBarMenu.swift */ = {isa = PBXFileReference; lastKnownFileType = sourcecode.swift; path = MainStatusBarMenu.swift; sourceTree = "<group>"; };
		D846C1B254E9C3A61C56DB49 /* DurationField.swift */ = {isa = PBXFileReference; lastKnownFileType = sourcecode.swift; path = DurationField.swift; sourceTree = "<group>"; };
		F20BC6E492A3D31D9FE4E1C4 /* Info.plist */ = {isa = PBXFileReference; lastKnownFileType = text.plist; path = Info.plist; sourceTree = "<group>"; };
		FA59B4AFC88CEF8A1724B7CD /* ShortcutController.swift */ = {isa = PBXFileReference; lastKnownFileType = sourcecode.swift; path = ShortcutController.swift; sourceTree = "<group>"; };
		FC4DC950A8CF67B445DB8EEF /* ConnectionListView.swift */ = {isa = PBXFileReference; lastKnownFileType = sourcecode.swift; path = ConnectionListView.swift; sourceTree = "<group>"; };
/* End PBXFileReference section */

/* Begin PBXFrameworksBuildPhase section */
		AB87BB6AC94E755D8CAB4ADA /* Frameworks */ = {
			isa = PBXFrameworksBuildPhase;
			buildActionMask = 2147483647;
			files = (
				1CA9613D75CEDCA3D3F5EBF6 /* HoleberryCore in Frameworks */,
				D8E3C678109A99C500F416AE /* KeyboardShortcuts in Frameworks */,
				190DDC489CC23486BD2C7290 /* SymbolPicker in Frameworks */,
				BBD4E8FAA636A794162F8A60 /* Sparkle in Frameworks */,
			);
			runOnlyForDeploymentPostprocessing = 0;
		};
/* End PBXFrameworksBuildPhase section */

/* Begin PBXGroup section */
		05E28E2794738F28F909ADBD /* ConnectionViews */ = {
			isa = PBXGroup;
			children = (
				6B7EE8CF46DEF43ED07E2388 /* ConnectionCardView.swift */,
				FC4DC950A8CF67B445DB8EEF /* ConnectionListView.swift */,
				3E20B1A3D74D8CDCFC890687 /* ConnectionSheet.swift */,
				BAAC70B91F4037F2332EA013 /* RedMenuButton.swift */,
			);
			path = ConnectionViews;
			sourceTree = "<group>";
		};
		16052FF148BF43B05B561212 /* App */ = {
			isa = PBXGroup;
			children = (
				D846C1B254E9C3A61C56DB49 /* DurationField.swift */,
				01CA02FBB83C18A92E629DBC /* DurationPickerAlert.swift */,
				3A87D2A6D35D41214BA09A19 /* HoleberryApp.swift */,
				D7B0510F82B4477AFBA5C296 /* MainStatusBarMenu.swift */,
				85BD5C9D1E8AA2311420E550 /* MenuActions.swift */,
				3ED6EC3FBFFD74F33D2827AC /* MenuBarController.swift */,
				1D57315C4CB1DD49992D6933 /* MenuBuilder.swift */,
				CC23106EDFED2519504E3E89 /* MenuItemFactory.swift */,
				06070B2F6062558A7C886BA9 /* RecentlyBlockedMenu.swift */,
				FA59B4AFC88CEF8A1724B7CD /* ShortcutController.swift */,
				48CD81D74316B99B21AB96E2 /* StatusItemButton.swift */,
				4E3C69E1650B4CEC8AF9B705 /* Extensions */,
				D9C88CBB2E4D81C08ADC2363 /* Updates */,
			);
			path = App;
			sourceTree = "<group>";
		};
		40CFFDE54F1764017E70CC4B /* Resources */ = {
			isa = PBXGroup;
			children = (
				740E0351B8319723BD1DD852 /* AppIcon.icon */,
				0C039DDD8F05E05A8D434F71 /* Assets.xcassets */,
				1711F877CC4CB0A92C25A1CC /* Holeberry.entitlements */,
			);
			path = Resources;
			sourceTree = "<group>";
		};
		4E3C69E1650B4CEC8AF9B705 /* Extensions */ = {
			isa = PBXGroup;
			children = (
				72110EDCFCF99F1760D0CB89 /* ConnectionStatus+Colors.swift */,
			);
			path = Extensions;
			sourceTree = "<group>";
		};
		673234159EF188F69FA949DB /* Packages */ = {
			isa = PBXGroup;
			children = (
				A448330B12ABCB4F06CFCB5C /* HoleberryCore */,
			);
			path = Packages;
			sourceTree = "<group>";
		};
		78F58E90EDC49C9FF3E31C6C /* Holeberry */ = {
			isa = PBXGroup;
			children = (
				F20BC6E492A3D31D9FE4E1C4 /* Info.plist */,
				16052FF148BF43B05B561212 /* App */,
				40CFFDE54F1764017E70CC4B /* Resources */,
				8BB69277240BEEB373A07922 /* Settings */,
				7AB6AB5FEA1E7DF9D0A096C6 /* Utils */,
			);
			name = Holeberry;
			path = Sources/Holeberry;
			sourceTree = "<group>";
		};
		7AB6AB5FEA1E7DF9D0A096C6 /* Utils */ = {
			isa = PBXGroup;
			children = (
				B70BAA1B61CD90763F03B992 /* NSRunningApplication+Icon.swift */,
				2BE0C8995AFF37E857F057B0 /* ShortcutNames.swift */,
			);
			path = Utils;
			sourceTree = "<group>";
		};
		8BB69277240BEEB373A07922 /* Settings */ = {
			isa = PBXGroup;
			children = (
				ACD1B67CAEDFF82081470F46 /* DurationsSettingsView.swift */,
				D48A2E625686DBB46B548D0E /* SettingsView.swift */,
				4ABCDA10739C949511E1D3AA /* SettingsWindowController.swift */,
				05E28E2794738F28F909ADBD /* ConnectionViews */,
			);
			path = Settings;
			sourceTree = "<group>";
		};
		B9B65F76EBEBC8A5C75A1641 = {
			isa = PBXGroup;
			children = (
				78F58E90EDC49C9FF3E31C6C /* Holeberry */,
				673234159EF188F69FA949DB /* Packages */,
				DB7783B91E0F747BBB9AB1F9 /* Products */,
			);
			sourceTree = "<group>";
		};
		D9C88CBB2E4D81C08ADC2363 /* Updates */ = {
			isa = PBXGroup;
			children = (
				C47987F52F2D6124503B041A /* SoftwareUpdater.swift */,
				B0091C471D90246392D8A264 /* UpdateManager.swift */,
			);
			path = Updates;
			sourceTree = "<group>";
		};
		DB7783B91E0F747BBB9AB1F9 /* Products */ = {
			isa = PBXGroup;
			children = (
				8A5D9D07B8EC02852147638F /* Holeberry.app */,
			);
			name = Products;
			sourceTree = "<group>";
		};
/* End PBXGroup section */

/* Begin PBXNativeTarget section */
		84B5E82FE32C304FB3B13672 /* Holeberry */ = {
			isa = PBXNativeTarget;
			buildConfigurationList = 97725504FDB0A8BF5E2804E4 /* Build configuration list for PBXNativeTarget "Holeberry" */;
			buildPhases = (
				D993B67186E5BA3E31788379 /* Run SwiftLint */,
				FFD18C08A44E1DA0F04E493E /* Run swift-format lint */,
				5CB3C8460B3AEF8A4CC34405 /* Sources */,
				6B712A805367450E10F6C9A2 /* Resources */,
				AB87BB6AC94E755D8CAB4ADA /* Frameworks */,
			);
			buildRules = (
			);
			dependencies = (
			);
			name = Holeberry;
			packageProductDependencies = (
				5655861CCA489CC3B0BBB29F /* HoleberryCore */,
				F937B463F6A990098878357C /* KeyboardShortcuts */,
				B0E62A40CEFA9876FE31890F /* SymbolPicker */,
				4A7925530C12A1C1F48C21F6 /* Sparkle */,
			);
			productName = Holeberry;
			productReference = 8A5D9D07B8EC02852147638F /* Holeberry.app */;
			productType = "com.apple.product-type.application";
		};
/* End PBXNativeTarget section */

/* Begin PBXProject section */
		3FAFEF6F12FCE5E0D94872C3 /* Project object */ = {
			isa = PBXProject;
			attributes = {
				BuildIndependentTargetsInParallel = YES;
				LastUpgradeCheck = 1600;
				TargetAttributes = {
					84B5E82FE32C304FB3B13672 = {
						DevelopmentTeam = 5UN5GTF749;
						ProvisioningStyle = Automatic;
					};
				};
			};
			buildConfigurationList = A3CECFC05804D0E3AE6B88AF /* Build configuration list for PBXProject "Holeberry" */;
			developmentRegion = en;
			hasScannedForEncodings = 0;
			knownRegions = (
				Base,
				en,
			);
			mainGroup = B9B65F76EBEBC8A5C75A1641;
			minimizedProjectReferenceProxies = 1;
			packageReferences = (
				D1CAE943163400BB0FC3209E /* XCRemoteSwiftPackageReference "KeyboardShortcuts" */,
				6CA834CB68D3626489BC1792 /* XCRemoteSwiftPackageReference "Sparkle" */,
				7F2B9C0AA668218507868FBC /* XCRemoteSwiftPackageReference "SymbolPicker" */,
				376AEEC20E87645F7ABDA8CD /* XCLocalSwiftPackageReference "Packages/HoleberryCore" */,
			);
			preferredProjectObjectVersion = 77;
			productRefGroup = DB7783B91E0F747BBB9AB1F9 /* Products */;
			projectDirPath = "";
			projectRoot = "";
			targets = (
				84B5E82FE32C304FB3B13672 /* Holeberry */,
			);
		};
/* End PBXProject section */

/* Begin PBXResourcesBuildPhase section */
		6B712A805367450E10F6C9A2 /* Resources */ = {
			isa = PBXResourcesBuildPhase;
			buildActionMask = 2147483647;
			files = (
				97E0F4753A5EE8C4E5E09E2B /* AppIcon.icon in Resources */,
				D95248B0CA506BBCA6AF342E /* Assets.xcassets in Resources */,
			);
			runOnlyForDeploymentPostprocessing = 0;
		};
/* End PBXResourcesBuildPhase section */

/* Begin PBXShellScriptBuildPhase section */
		D993B67186E5BA3E31788379 /* Run SwiftLint */ = {
			isa = PBXShellScriptBuildPhase;
			alwaysOutOfDate = 1;
			buildActionMask = 2147483647;
			files = (
			);
			inputFileListPaths = (
			);
			inputPaths = (
			);
			name = "Run SwiftLint";
			outputFileListPaths = (
			);
			outputPaths = (
			);
			runOnlyForDeploymentPostprocessing = 0;
			shellPath = /bin/sh;
			shellScript = "export PATH=\"$PATH:/opt/homebrew/bin\"\nif which swiftlint > /dev/null; then\n  swiftlint --strict Sources/ Packages/HoleberryCore/Sources/\nelse\n  echo \"warning: SwiftLint not installed, download from https://github.com/realm/SwiftLint\"\nfi\n";
		};
		FFD18C08A44E1DA0F04E493E /* Run swift-format lint */ = {
			isa = PBXShellScriptBuildPhase;
			alwaysOutOfDate = 1;
			buildActionMask = 2147483647;
			files = (
			);
			inputFileListPaths = (
			);
			inputPaths = (
			);
			name = "Run swift-format lint";
			outputFileListPaths = (
			);
			outputPaths = (
			);
			runOnlyForDeploymentPostprocessing = 0;
			shellPath = /bin/sh;
			shellScript = "FORMAT_BIN=$(xcrun --find swift-format 2>/dev/null)\nif [ -n \"$FORMAT_BIN\" ]; then\n  \"$FORMAT_BIN\" lint --recursive --strict Sources/ Packages/HoleberryCore/Sources/\n  # Use relaxed rules for test files\n  \"$FORMAT_BIN\" lint --recursive --strict --configuration Packages/HoleberryCore/Tests/HoleberryCoreTests/.swift-format Packages/HoleberryCore/Tests/\nelse\n  echo \"warning: swift-format not found in Xcode toolchain\"\nfi\n";
		};
/* End PBXShellScriptBuildPhase section */

/* Begin PBXSourcesBuildPhase section */
		5CB3C8460B3AEF8A4CC34405 /* Sources */ = {
			isa = PBXSourcesBuildPhase;
			buildActionMask = 2147483647;
			files = (
				9993477808C3E22DA3DE016A /* ConnectionCardView.swift in Sources */,
				CABB8EFDEDBEEE947F960F23 /* ConnectionListView.swift in Sources */,
				626A1EFF1783B93A63EFF079 /* ConnectionSheet.swift in Sources */,
				681AA60A9BF64FF09E7D4A6F /* ConnectionStatus+Colors.swift in Sources */,
				EDEEFD250744C2FFE323C513 /* DurationField.swift in Sources */,
				7B9757D8CBD6AE3D784E42C4 /* DurationPickerAlert.swift in Sources */,
				5D786DACA1DC14E4C8FE0B4D /* DurationsSettingsView.swift in Sources */,
				7DA5900D82219DF58FEA6D1E /* HoleberryApp.swift in Sources */,
				AFFF0487FAF7AF96E6D3C41A /* MainStatusBarMenu.swift in Sources */,
				D7EA6ED438B90006B76E4471 /* MenuActions.swift in Sources */,
				E1CF909E4F782467C9844BDA /* MenuBarController.swift in Sources */,
				9BFC7720A8727E8050C27E07 /* MenuBuilder.swift in Sources */,
				EF377E2EC98FAC668E74B590 /* MenuItemFactory.swift in Sources */,
				676C9205968E70C0D0619C7C /* NSRunningApplication+Icon.swift in Sources */,
				A056503432246A8DC2A9BE18 /* RecentlyBlockedMenu.swift in Sources */,
				4BD8A9C46A99DBF6875E0B71 /* RedMenuButton.swift in Sources */,
				BE5F58DFA3CCF2FCB181CF91 /* SettingsView.swift in Sources */,
				EE740A057FF86AEE57DE71D3 /* SettingsWindowController.swift in Sources */,
				63DF3275E31EAD0B223E7F24 /* ShortcutController.swift in Sources */,
				36357A5F6339E0CDECE388F0 /* ShortcutNames.swift in Sources */,
				43A7C259B9833484EA3728A0 /* SoftwareUpdater.swift in Sources */,
				3230D6021E41949B01AF5247 /* StatusItemButton.swift in Sources */,
				727E3ABAD8B275F981C811C6 /* UpdateManager.swift in Sources */,
			);
			runOnlyForDeploymentPostprocessing = 0;
		};
/* End PBXSourcesBuildPhase section */

/* Begin XCBuildConfiguration section */
		2E9BEF13A2AF2CE7E79B5D42 /* Debug */ = {
			isa = XCBuildConfiguration;
			buildSettings = {
				ALWAYS_SEARCH_USER_PATHS = NO;
				CLANG_ANALYZER_NONNULL = YES;
				CLANG_ANALYZER_NUMBER_OBJECT_CONVERSION = YES_AGGRESSIVE;
				CLANG_CXX_LANGUAGE_STANDARD = "gnu++14";
				CLANG_CXX_LIBRARY = "libc++";
				CLANG_ENABLE_MODULES = YES;
				CLANG_ENABLE_OBJC_ARC = YES;
				CLANG_ENABLE_OBJC_WEAK = YES;
				CLANG_WARN_BLOCK_CAPTURE_AUTORELEASING = YES;
				CLANG_WARN_BOOL_CONVERSION = YES;
				CLANG_WARN_COMMA = YES;
				CLANG_WARN_CONSTANT_CONVERSION = YES;
				CLANG_WARN_DEPRECATED_OBJC_IMPLEMENTATIONS = YES;
				CLANG_WARN_DIRECT_OBJC_ISA_USAGE = YES_ERROR;
				CLANG_WARN_DOCUMENTATION_COMMENTS = YES;
				CLANG_WARN_EMPTY_BODY = YES;
				CLANG_WARN_ENUM_CONVERSION = YES;
				CLANG_WARN_INFINITE_RECURSION = YES;
				CLANG_WARN_INT_CONVERSION = YES;
				CLANG_WARN_NON_LITERAL_NULL_CONVERSION = YES;
				CLANG_WARN_OBJC_IMPLICIT_RETAIN_SELF = YES;
				CLANG_WARN_OBJC_LITERAL_CONVERSION = YES;
				CLANG_WARN_OBJC_ROOT_CLASS = YES_ERROR;
				CLANG_WARN_QUOTED_INCLUDE_IN_FRAMEWORK_HEADER = YES;
				CLANG_WARN_RANGE_LOOP_ANALYSIS = YES;
				CLANG_WARN_STRICT_PROTOTYPES = YES;
				CLANG_WARN_SUSPICIOUS_MOVE = YES;
				CLANG_WARN_UNGUARDED_AVAILABILITY = YES_AGGRESSIVE;
				CLANG_WARN_UNREACHABLE_CODE = YES;
				CLANG_WARN__DUPLICATE_METHOD_MATCH = YES;
				"CODE_SIGN_IDENTITY[sdk=macosx*]" = "Apple Development";
				COPY_PHASE_STRIP = NO;
				DEBUG_INFORMATION_FORMAT = dwarf;
				DEVELOPMENT_TEAM = 5UN5GTF749;
				ENABLE_STRICT_OBJC_MSGSEND = YES;
				ENABLE_TESTABILITY = YES;
				GCC_C_LANGUAGE_STANDARD = gnu11;
				GCC_DYNAMIC_NO_PIC = NO;
				GCC_NO_COMMON_BLOCKS = YES;
				GCC_OPTIMIZATION_LEVEL = 0;
				GCC_PREPROCESSOR_DEFINITIONS = (
					"$(inherited)",
					"DEBUG=1",
				);
				GCC_WARN_64_TO_32_BIT_CONVERSION = YES;
				GCC_WARN_ABOUT_RETURN_TYPE = YES_ERROR;
				GCC_WARN_UNDECLARED_SELECTOR = YES;
				GCC_WARN_UNINITIALIZED_AUTOS = YES_AGGRESSIVE;
				GCC_WARN_UNUSED_FUNCTION = YES;
				GCC_WARN_UNUSED_VARIABLE = YES;
				MACOSX_DEPLOYMENT_TARGET = 14.0;
				MTL_ENABLE_DEBUG_INFO = INCLUDE_SOURCE;
				MTL_FAST_MATH = YES;
				ONLY_ACTIVE_ARCH = YES;
				PRODUCT_NAME = "$(TARGET_NAME)";
				SDKROOT = macosx;
				SWIFT_ACTIVE_COMPILATION_CONDITIONS = DEBUG;
				SWIFT_OPTIMIZATION_LEVEL = "-Onone";
				SWIFT_VERSION = 6.0;
			};
			name = Debug;
		};
		998DCFAA0AD0C3BF8CC953EF /* Release */ = {
			isa = XCBuildConfiguration;
			buildSettings = {
				ASSETCATALOG_COMPILER_APPICON_NAME = AppIcon;
				ASSETCATALOG_COMPILER_INCLUDE_ALL_APPICON_ASSETS = YES;
				CODE_SIGN_ENTITLEMENTS = Sources/Holeberry/Resources/Holeberry.entitlements;
				CODE_SIGN_STYLE = Automatic;
				COMBINE_HIDPI_IMAGES = YES;
				INFOPLIST_FILE = Sources/Holeberry/Info.plist;
				LD_RUNPATH_SEARCH_PATHS = (
					"$(inherited)",
					"@executable_path/../Frameworks",
				);
				PRODUCT_BUNDLE_IDENTIFIER = me.pedrovieira.holeberry;
				SDKROOT = macosx;
				SWIFT_UPCOMING_FEATURE_EXISTENTIAL_ANY = YES;
			};
			name = Release;
		};
		AE86D3773ED3D233C5D83E5C /* Release */ = {
			isa = XCBuildConfiguration;
			buildSettings = {
				ALWAYS_SEARCH_USER_PATHS = NO;
				CLANG_ANALYZER_NONNULL = YES;
				CLANG_ANALYZER_NUMBER_OBJECT_CONVERSION = YES_AGGRESSIVE;
				CLANG_CXX_LANGUAGE_STANDARD = "gnu++14";
				CLANG_CXX_LIBRARY = "libc++";
				CLANG_ENABLE_MODULES = YES;
				CLANG_ENABLE_OBJC_ARC = YES;
				CLANG_ENABLE_OBJC_WEAK = YES;
				CLANG_WARN_BLOCK_CAPTURE_AUTORELEASING = YES;
				CLANG_WARN_BOOL_CONVERSION = YES;
				CLANG_WARN_COMMA = YES;
				CLANG_WARN_CONSTANT_CONVERSION = YES;
				CLANG_WARN_DEPRECATED_OBJC_IMPLEMENTATIONS = YES;
				CLANG_WARN_DIRECT_OBJC_ISA_USAGE = YES_ERROR;
				CLANG_WARN_DOCUMENTATION_COMMENTS = YES;
				CLANG_WARN_EMPTY_BODY = YES;
				CLANG_WARN_ENUM_CONVERSION = YES;
				CLANG_WARN_INFINITE_RECURSION = YES;
				CLANG_WARN_INT_CONVERSION = YES;
				CLANG_WARN_NON_LITERAL_NULL_CONVERSION = YES;
				CLANG_WARN_OBJC_IMPLICIT_RETAIN_SELF = YES;
				CLANG_WARN_OBJC_LITERAL_CONVERSION = YES;
				CLANG_WARN_OBJC_ROOT_CLASS = YES_ERROR;
				CLANG_WARN_QUOTED_INCLUDE_IN_FRAMEWORK_HEADER = YES;
				CLANG_WARN_RANGE_LOOP_ANALYSIS = YES;
				CLANG_WARN_STRICT_PROTOTYPES = YES;
				CLANG_WARN_SUSPICIOUS_MOVE = YES;
				CLANG_WARN_UNGUARDED_AVAILABILITY = YES_AGGRESSIVE;
				CLANG_WARN_UNREACHABLE_CODE = YES;
				CLANG_WARN__DUPLICATE_METHOD_MATCH = YES;
				"CODE_SIGN_IDENTITY[sdk=macosx*]" = "Apple Development";
				COPY_PHASE_STRIP = NO;
				DEBUG_INFORMATION_FORMAT = "dwarf-with-dsym";
				DEVELOPMENT_TEAM = 5UN5GTF749;
				ENABLE_NS_ASSERTIONS = NO;
				ENABLE_STRICT_OBJC_MSGSEND = YES;
				GCC_C_LANGUAGE_STANDARD = gnu11;
				GCC_NO_COMMON_BLOCKS = YES;
				GCC_WARN_64_TO_32_BIT_CONVERSION = YES;
				GCC_WARN_ABOUT_RETURN_TYPE = YES_ERROR;
				GCC_WARN_UNDECLARED_SELECTOR = YES;
				GCC_WARN_UNINITIALIZED_AUTOS = YES_AGGRESSIVE;
				GCC_WARN_UNUSED_FUNCTION = YES;
				GCC_WARN_UNUSED_VARIABLE = YES;
				MACOSX_DEPLOYMENT_TARGET = 14.0;
				MTL_ENABLE_DEBUG_INFO = NO;
				MTL_FAST_MATH = YES;
				PRODUCT_NAME = "$(TARGET_NAME)";
				SDKROOT = macosx;
				SWIFT_COMPILATION_MODE = wholemodule;
				SWIFT_OPTIMIZATION_LEVEL = "-O";
				SWIFT_VERSION = 6.0;
			};
			name = Release;
		};
		B50BCA2BD85D45198AFA2DAC /* Debug */ = {
			isa = XCBuildConfiguration;
			buildSettings = {
				ASSETCATALOG_COMPILER_APPICON_NAME = AppIcon;
				ASSETCATALOG_COMPILER_INCLUDE_ALL_APPICON_ASSETS = YES;
				CODE_SIGN_ENTITLEMENTS = Sources/Holeberry/Resources/Holeberry.entitlements;
				CODE_SIGN_STYLE = Automatic;
				COMBINE_HIDPI_IMAGES = YES;
				INFOPLIST_FILE = Sources/Holeberry/Info.plist;
				LD_RUNPATH_SEARCH_PATHS = (
					"$(inherited)",
					"@executable_path/../Frameworks",
				);
				PRODUCT_BUNDLE_IDENTIFIER = me.pedrovieira.holeberry;
				SDKROOT = macosx;
				SWIFT_UPCOMING_FEATURE_EXISTENTIAL_ANY = YES;
			};
			name = Debug;
		};
/* End XCBuildConfiguration section */

/* Begin XCConfigurationList section */
		97725504FDB0A8BF5E2804E4 /* Build configuration list for PBXNativeTarget "Holeberry" */ = {
			isa = XCConfigurationList;
			buildConfigurations = (
				B50BCA2BD85D45198AFA2DAC /* Debug */,
				998DCFAA0AD0C3BF8CC953EF /* Release */,
			);
			defaultConfigurationIsVisible = 0;
			defaultConfigurationName = Debug;
		};
		A3CECFC05804D0E3AE6B88AF /* Build configuration list for PBXProject "Holeberry" */ = {
			isa = XCConfigurationList;
			buildConfigurations = (
				2E9BEF13A2AF2CE7E79B5D42 /* Debug */,
				AE86D3773ED3D233C5D83E5C /* Release */,
			);
			defaultConfigurationIsVisible = 0;
			defaultConfigurationName = Debug;
		};
/* End XCConfigurationList section */

/* Begin XCLocalSwiftPackageReference section */
		376AEEC20E87645F7ABDA8CD /* XCLocalSwiftPackageReference "Packages/HoleberryCore" */ = {
			isa = XCLocalSwiftPackageReference;
			relativePath = Packages/HoleberryCore;
		};
/* End XCLocalSwiftPackageReference section */

/* Begin XCRemoteSwiftPackageReference section */
		6CA834CB68D3626489BC1792 /* XCRemoteSwiftPackageReference "Sparkle" */ = {
			isa = XCRemoteSwiftPackageReference;
			repositoryURL = "https://github.com/sparkle-project/Sparkle";
			requirement = {
				kind = upToNextMajorVersion;
				minimumVersion = 2.6.0;
			};
		};
		7F2B9C0AA668218507868FBC /* XCRemoteSwiftPackageReference "SymbolPicker" */ = {
			isa = XCRemoteSwiftPackageReference;
			repositoryURL = "https://github.com/SzpakKamil/SymbolPicker";
			requirement = {
				kind = upToNextMajorVersion;
				minimumVersion = 1.0.0;
			};
		};
		D1CAE943163400BB0FC3209E /* XCRemoteSwiftPackageReference "KeyboardShortcuts" */ = {
			isa = XCRemoteSwiftPackageReference;
			repositoryURL = "https://github.com/sindresorhus/KeyboardShortcuts";
			requirement = {
				kind = upToNextMajorVersion;
				minimumVersion = 2.4.0;
			};
		};
/* End XCRemoteSwiftPackageReference section */

/* Begin XCSwiftPackageProductDependency section */
		4A7925530C12A1C1F48C21F6 /* Sparkle */ = {
			isa = XCSwiftPackageProductDependency;
			package = 6CA834CB68D3626489BC1792 /* XCRemoteSwiftPackageReference "Sparkle" */;
			productName = Sparkle;
		};
		5655861CCA489CC3B0BBB29F /* HoleberryCore */ = {
			isa = XCSwiftPackageProductDependency;
			productName = HoleberryCore;
		};
		B0E62A40CEFA9876FE31890F /* SymbolPicker */ = {
			isa = XCSwiftPackageProductDependency;
			package = 7F2B9C0AA668218507868FBC /* XCRemoteSwiftPackageReference "SymbolPicker" */;
			productName = SymbolPicker;
		};
		F937B463F6A990098878357C /* KeyboardShortcuts */ = {
			isa = XCSwiftPackageProductDependency;
			package = D1CAE943163400BB0FC3209E /* XCRemoteSwiftPackageReference "KeyboardShortcuts" */;
			productName = KeyboardShortcuts;
		};
/* End XCSwiftPackageProductDependency section */
	};
	rootObject = 3FAFEF6F12FCE5E0D94872C3 /* Project object */;
}
